PODS:
  - Charts (3.5.0):
    - Charts/Core (= 3.5.0)
  - Charts/Core (3.5.0)
  - Firebase/Auth (6.27.1):
    - Firebase/CoreOnly
    - FirebaseAuth (~> 6.6.0)
  - Firebase/CoreOnly (6.27.1):
    - FirebaseCore (= 6.8.1)
  - Firebase/Database (6.27.1):
    - Firebase/CoreOnly
    - FirebaseDatabase (~> 6.3.0)
  - Firebase/Storage (6.27.1):
    - Firebase/CoreOnly
    - FirebaseStorage (~> 3.7.0)
  - FirebaseAuth (6.6.0):
    - FirebaseCore (~> 6.8)
    - GoogleUtilities/AppDelegateSwizzler (~> 6.5)
    - GoogleUtilities/Environment (~> 6.5)
    - GTMSessionFetcher/Core (~> 1.1)
  - FirebaseCore (6.8.1):
    - FirebaseCoreDiagnostics (~> 1.3)
    - GoogleUtilities/Environment (~> 6.5)
    - GoogleUtilities/Logger (~> 6.5)
  - FirebaseCoreDiagnostics (1.4.0):
    - GoogleDataTransportCCTSupport (~> 3.1)
    - GoogleUtilities/Environment (~> 6.5)
    - GoogleUtilities/Logger (~> 6.5)
    - nanopb (~> 1.30905.0)
  - FirebaseDatabase (6.3.0):
    - FirebaseCore (~> 6.8)
    - leveldb-library (~> 1.22)
  - FirebaseStorage (3.7.0):
    - FirebaseCore (~> 6.8)
    - GTMSessionFetcher/Core (~> 1.1)
  - GoogleDataTransport (6.2.1)
  - GoogleDataTransportCCTSupport (3.2.0):
    - GoogleDataTransport (~> 6.1)
    - nanopb (~> 1.30905.0)
  - GoogleUtilities/AppDelegateSwizzler (6.6.0):
    - GoogleUtilities/Environment
    - GoogleUtilities/Logger
    - GoogleUtilities/Network
  - GoogleUtilities/Environment (6.6.0):
    - PromisesObjC (~> 1.2)
  - GoogleUtilities/Logger (6.6.0):
    - GoogleUtilities/Environment
  - GoogleUtilities/Network (6.6.0):
    - GoogleUtilities/Logger
    - "GoogleUtilities/NSData+zlib"
    - GoogleUtilities/Reachability
  - "GoogleUtilities/NSData+zlib (6.6.0)"
  - GoogleUtilities/Reachability (6.6.0):
    - GoogleUtilities/Logger
  - GTMSessionFetcher/Core (1.4.0)
  - IQKeyboardManagerSwift (6.5.5)
  - leveldb-library (1.22)
  - MaterialShowcase (0.7.1)
  - nanopb (1.30905.0):
    - nanopb/decode (= 1.30905.0)
    - nanopb/encode (= 1.30905.0)
  - nanopb/decode (1.30905.0)
  - nanopb/encode (1.30905.0)
  - PromisesObjC (1.2.9)
  - QuickLayout (3.0.0)
  - R.swift (5.2.2):
    - R.swift.Library (~> 5.2.0)
  - R.swift.Library (5.2.0)
  - ReachabilitySwift (5.0.0)
  - SwiftEntryKit (1.2.3):
    - QuickLayout (= 3.0.0)
  - SwiftKeychainWrapper (3.4.0)

DEPENDENCIES:
  - Charts
  - Firebase/Auth
  - Firebase/Database
  - Firebase/Storage
  - IQKeyboardManagerSwift
  - MaterialShowcase
  - R.swift
  - ReachabilitySwift
  - SwiftEntryKit (= 1.2.3)
  - SwiftKeychainWrapper

SPEC REPOS:
  trunk:
    - Charts
    - Firebase
    - FirebaseAuth
    - FirebaseCore
    - FirebaseCoreDiagnostics
    - FirebaseDatabase
    - FirebaseStorage
    - GoogleDataTransport
    - GoogleDataTransportCCTSupport
    - GoogleUtilities
    - GTMSessionFetcher
    - IQKeyboardManagerSwift
    - leveldb-library
    - MaterialShowcase
    - nanopb
    - PromisesObjC
    - QuickLayout
    - R.swift
    - R.swift.Library
    - ReachabilitySwift
    - SwiftEntryKit
    - SwiftKeychainWrapper

SPEC CHECKSUMS:
  Charts: 40a08591df1f8ad5c223ddedfb1a06da92f24f7c
  Firebase: 919186c8e119dd9372a45fd1dd17a8a942bc1892
  FirebaseAuth: b85c064e0ac60f82486728d50a4803f235687302
  FirebaseCore: 8cd4f8ea22075e0ee582849b1cf79d8816506085
  FirebaseCoreDiagnostics: 4505e4d4009b1d93f605088ee7d7764d5f0d1c84
  FirebaseDatabase: 3d02ffa794ec174853c086cf87cf2dc79bd6da49
  FirebaseStorage: af7bdbd12177cf567df00904e3e3a93704f25b15
  GoogleDataTransport: 9a8a16f79feffc7f42096743de2a7c4815e84020
  GoogleDataTransportCCTSupport: 489c1265d2c85b68187a83a911913d190012158d
  GoogleUtilities: 39530bc0ad980530298e9c4af8549e991fd033b1
  GTMSessionFetcher: 6f5c8abbab8a9bce4bb3f057e317728ec6182b10
  IQKeyboardManagerSwift: 0fb93310284665245591f50f7a5e38de615960b7
  leveldb-library: 55d93ee664b4007aac644a782d11da33fba316f7
  MaterialShowcase: baaca60627058085d6b304f5a30ee952e99cee21
  nanopb: c43f40fadfe79e8b8db116583945847910cbabc9
  PromisesObjC: b48e0338dbbac2207e611750777895f7a5811b75
  QuickLayout: 07b45a72b10083fee3f095990cfed1c1e7b27f0a
  R.swift: 7c52cdc57a66840ffe6cbd8a823d732059d42a32
  R.swift.Library: 5ba4f1631300caf9a4d890186930da85d540769d
  ReachabilitySwift: 985039c6f7b23a1da463388634119492ff86c825
  SwiftEntryKit: 340713c2e4a6662c5149629990bf1088bf5f0389
  SwiftKeychainWrapper: 6fc49fbf7d4a6b0772917acb0e53a1639f6078d6

PODFILE CHECKSUM: 2a4a84c37ea556d1de41c0e137130465315fcff0

COCOAPODS: 1.9.3
