// !$*UTF8*$!
{
	archiveVersion = 1;
	classes = {
	};
	objectVersion = 51;
	objects = {

/* Begin PBXBuildFile section */
		6E045E972463E8150001E378 /* AchievementsTableViewCell.xib in Resources */ = {isa = PBXBuildFile; fileRef = 6E045E962463E8150001E378 /* AchievementsTableViewCell.xib */; };
		6E045E992463E8B40001E378 /* AchievementsTableViewCell.swift in Sources */ = {isa = PBXBuildFile; fileRef = 6E045E982463E8B40001E378 /* AchievementsTableViewCell.swift */; };
		6E045E9B24640A6B0001E378 /* Achievement.swift in Sources */ = {isa = PBXBuildFile; fileRef = 6E045E9A24640A6A0001E378 /* Achievement.swift */; };
		6E5684102451AB1F009FBE13 /* SetupSphereValueViewController.swift in Sources */ = {isa = PBXBuildFile; fileRef = 6E56840E2451AB1F009FBE13 /* SetupSphereValueViewController.swift */; };
		6E5684112451AB1F009FBE13 /* SetupSphereValueViewController.xib in Resources */ = {isa = PBXBuildFile; fileRef = 6E56840F2451AB1F009FBE13 /* SetupSphereValueViewController.xib */; };
		6E5AE64424601DBC00418B23 /* ResetPasswordViewController.xib in Resources */ = {isa = PBXBuildFile; fileRef = 6E5AE64324601DBC00418B23 /* ResetPasswordViewController.xib */; };
		6E5AE64624601DD200418B23 /* ResetPasswordViewController.swift in Sources */ = {isa = PBXBuildFile; fileRef = 6E5AE64524601DD200418B23 /* ResetPasswordViewController.swift */; };
		6E6A217A2466C6FB00D8AC68 /* Atricle.swift in Sources */ = {isa = PBXBuildFile; fileRef = 6E6A21792466C6FB00D8AC68 /* Atricle.swift */; };
		6E7071F3245C474D00ED7D08 /* SphereValue.swift in Sources */ = {isa = PBXBuildFile; fileRef = 6E7071F2245C474D00ED7D08 /* SphereValue.swift */; };
		6E711E88246857720068FD8C /* SphereDetailViewController.xib in Resources */ = {isa = PBXBuildFile; fileRef = 6E711E87246857720068FD8C /* SphereDetailViewController.xib */; };
		6E711E8C24685BE00068FD8C /* SphereDetailViewController.swift in Sources */ = {isa = PBXBuildFile; fileRef = 6E711E8B24685BE00068FD8C /* SphereDetailViewController.swift */; };
		6E9E01BD245464360083499E /* SphereMetrics.swift in Sources */ = {isa = PBXBuildFile; fileRef = 6E9E01BC245464360083499E /* SphereMetrics.swift */; };
		6EA85197244F691700D40E14 /* Sphere.swift in Sources */ = {isa = PBXBuildFile; fileRef = 6EA85196244F691700D40E14 /* Sphere.swift */; };
		6EA85199244F7E8F00D40E14 /* Date.swift in Sources */ = {isa = PBXBuildFile; fileRef = 6EA85198244F7E8F00D40E14 /* Date.swift */; };
		6EA8519B244F827A00D40E14 /* Post.swift in Sources */ = {isa = PBXBuildFile; fileRef = 6EA8519A244F827A00D40E14 /* Post.swift */; };
		6EA8519E244F86FA00D40E14 /* JournalTableViewCell.swift in Sources */ = {isa = PBXBuildFile; fileRef = 6EA8519C244F86FA00D40E14 /* JournalTableViewCell.swift */; };
		6EA8519F244F86FA00D40E14 /* JournalTableViewCell.xib in Resources */ = {isa = PBXBuildFile; fileRef = 6EA8519D244F86FA00D40E14 /* JournalTableViewCell.xib */; };
		6ED5FF16245207AC00792B1F /* WelcomeViewController.swift in Sources */ = {isa = PBXBuildFile; fileRef = 6ED5FF14245207AC00792B1F /* WelcomeViewController.swift */; };
		6ED5FF17245207AC00792B1F /* WelcomeViewController.xib in Resources */ = {isa = PBXBuildFile; fileRef = 6ED5FF15245207AC00792B1F /* WelcomeViewController.xib */; };
		9277D388238C725200B3AECA /* AppDelegate.swift in Sources */ = {isa = PBXBuildFile; fileRef = 9277D387238C725200B3AECA /* AppDelegate.swift */; };
		9277D38F238C725300B3AECA /* Assets.xcassets in Resources */ = {isa = PBXBuildFile; fileRef = 9277D38E238C725300B3AECA /* Assets.xcassets */; };
		9277D392238C725300B3AECA /* LaunchScreen.storyboard in Resources */ = {isa = PBXBuildFile; fileRef = 9277D390238C725300B3AECA /* LaunchScreen.storyboard */; };
		C3087ADA245AD36C00DDE7A7 /* SphereMetricsTableViewCell.swift in Sources */ = {isa = PBXBuildFile; fileRef = C3087AD8245AD36C00DDE7A7 /* SphereMetricsTableViewCell.swift */; };
		C3087ADB245AD36C00DDE7A7 /* SphereMetricsTableViewCell.xib in Resources */ = {isa = PBXBuildFile; fileRef = C3087AD9245AD36C00DDE7A7 /* SphereMetricsTableViewCell.xib */; };
		C309ACB124655CE3007DF0DC /* PostsDateSection.swift in Sources */ = {isa = PBXBuildFile; fileRef = C309ACB024655CE3007DF0DC /* PostsDateSection.swift */; };
		C30C7A0F247E8DC400FD830F /* ConnectionHelper.swift in Sources */ = {isa = PBXBuildFile; fileRef = C30C7A0E247E8DC400FD830F /* ConnectionHelper.swift */; };
		C317E571247D6559001521FE /* NoInternetViewController.swift in Sources */ = {isa = PBXBuildFile; fileRef = C317E56F247D6559001521FE /* NoInternetViewController.swift */; };
		C317E572247D6559001521FE /* NoInternetViewController.xib in Resources */ = {isa = PBXBuildFile; fileRef = C317E570247D6559001521FE /* NoInternetViewController.xib */; };
		C31FF9792452CC8D00642C7B /* ArticleViewController.swift in Sources */ = {isa = PBXBuildFile; fileRef = C31FF9782452CC8D00642C7B /* ArticleViewController.swift */; };
		C31FF97B2452CCA400642C7B /* ArticleViewController.xib in Resources */ = {isa = PBXBuildFile; fileRef = C31FF97A2452CCA400642C7B /* ArticleViewController.xib */; };
		C328EE052447294100445704 /* RegisterViewController.swift in Sources */ = {isa = PBXBuildFile; fileRef = C328EE032447294100445704 /* RegisterViewController.swift */; };
		C328EE062447294100445704 /* RegisterViewController.xib in Resources */ = {isa = PBXBuildFile; fileRef = C328EE042447294100445704 /* RegisterViewController.xib */; };
		C32D4CE123D0F3FC00AD9863 /* GlobalDefinitions.swift in Sources */ = {isa = PBXBuildFile; fileRef = C32D4CE023D0F3FC00AD9863 /* GlobalDefinitions.swift */; };
		C33AD1DF2451AE9B00A08006 /* OnboardingPageViewController.swift in Sources */ = {isa = PBXBuildFile; fileRef = C33AD1DE2451AE9B00A08006 /* OnboardingPageViewController.swift */; };
		C33B344D247BAE74008EA2D1 /* UITextView.swift in Sources */ = {isa = PBXBuildFile; fileRef = C33B344C247BAE74008EA2D1 /* UITextView.swift */; };
		C33B3451247C111F008EA2D1 /* NSAttributedString.swift in Sources */ = {isa = PBXBuildFile; fileRef = C33B3450247C111F008EA2D1 /* NSAttributedString.swift */; };
		C33B3453247C137A008EA2D1 /* UIFont.swift in Sources */ = {isa = PBXBuildFile; fileRef = C33B3452247C137A008EA2D1 /* UIFont.swift */; };
		C34B14E924475ED000B58B18 /* FormValidator.swift in Sources */ = {isa = PBXBuildFile; fileRef = C34B14E824475ED000B58B18 /* FormValidator.swift */; };
		C35750D424507E7B00BA7006 /* PostDetailViewController.swift in Sources */ = {isa = PBXBuildFile; fileRef = C35750D224507E7B00BA7006 /* PostDetailViewController.swift */; };
		C35750D524507E7B00BA7006 /* PostDetailViewController.xib in Resources */ = {isa = PBXBuildFile; fileRef = C35750D324507E7B00BA7006 /* PostDetailViewController.xib */; };
		C35B38AF2462D57500E0C416 /* Photo.swift in Sources */ = {isa = PBXBuildFile; fileRef = C35B38AE2462D57500E0C416 /* Photo.swift */; };
		C35B38B12462E1E700E0C416 /* UIImage.swift in Sources */ = {isa = PBXBuildFile; fileRef = C35B38B02462E1E700E0C416 /* UIImage.swift */; };
		C35EBD93244DE870004593CC /* GoogleService-Info.plist in Resources */ = {isa = PBXBuildFile; fileRef = C35EBD92244DE870004593CC /* GoogleService-Info.plist */; };
		C36D8454239BF322004FEFD5 /* TabBarController.swift in Sources */ = {isa = PBXBuildFile; fileRef = C36D8453239BF322004FEFD5 /* TabBarController.swift */; };
		C36DE9C1246E7F3F005635E4 /* DatabaseService.swift in Sources */ = {isa = PBXBuildFile; fileRef = C36DE9C0246E7F3F005635E4 /* DatabaseService.swift */; };
		C36DE9C3246E7F58005635E4 /* StorageService.swift in Sources */ = {isa = PBXBuildFile; fileRef = C36DE9C2246E7F58005635E4 /* StorageService.swift */; };
		C36F66462449AC3C00293246 /* KeychainHelper.swift in Sources */ = {isa = PBXBuildFile; fileRef = C36F66452449AC3C00293246 /* KeychainHelper.swift */; };
		C36F66482449BE0000293246 /* UIViewController.swift in Sources */ = {isa = PBXBuildFile; fileRef = C36F66472449BE0000293246 /* UIViewController.swift */; };
		C37AECC4244F002C0080CCAC /* EditProfileViewController.swift in Sources */ = {isa = PBXBuildFile; fileRef = C37AECC2244F002C0080CCAC /* EditProfileViewController.swift */; };
		C37AECC5244F002C0080CCAC /* EditProfileViewController.xib in Resources */ = {isa = PBXBuildFile; fileRef = C37AECC3244F002C0080CCAC /* EditProfileViewController.xib */; };
		C37D0B3E23D79088005A1BCF /* Label.swift in Sources */ = {isa = PBXBuildFile; fileRef = C37D0B3D23D79088005A1BCF /* Label.swift */; };
		C392971F247FAE04000340DC /* PostMapper.swift in Sources */ = {isa = PBXBuildFile; fileRef = C392971E247FAE04000340DC /* PostMapper.swift */; };
		C39423D824404E8E0060CF50 /* AuthViewController.swift in Sources */ = {isa = PBXBuildFile; fileRef = C39423D624404E8E0060CF50 /* AuthViewController.swift */; };
		C39423D924404E8E0060CF50 /* AuthViewController.xib in Resources */ = {isa = PBXBuildFile; fileRef = C39423D724404E8E0060CF50 /* AuthViewController.xib */; };
		C396E23C246AC71E00DBF0E4 /* Double.swift in Sources */ = {isa = PBXBuildFile; fileRef = C396E23B246AC71E00DBF0E4 /* Double.swift */; };
		C396E23E246AC8E200DBF0E4 /* AchievementViewModel.swift in Sources */ = {isa = PBXBuildFile; fileRef = C396E23D246AC8E200DBF0E4 /* AchievementViewModel.swift */; };
		C39A321F245710BC005D2EDF /* SettingsViewController.swift in Sources */ = {isa = PBXBuildFile; fileRef = C39A321D245710BC005D2EDF /* SettingsViewController.swift */; };
		C39A3220245710BC005D2EDF /* SettingsViewController.xib in Resources */ = {isa = PBXBuildFile; fileRef = C39A321E245710BC005D2EDF /* SettingsViewController.xib */; };
		C39FD71C24499E7700F96307 /* NotificationName.swift in Sources */ = {isa = PBXBuildFile; fileRef = C39FD71B24499E7700F96307 /* NotificationName.swift */; };
		C3A1058F23AC045D008F5F9B /* Color.swift in Sources */ = {isa = PBXBuildFile; fileRef = C3A1058E23AC045D008F5F9B /* Color.swift */; };
		C3B4760324596BAD0067A3C0 /* CommonSettingsCell.swift in Sources */ = {isa = PBXBuildFile; fileRef = C3B4760224596BAD0067A3C0 /* CommonSettingsCell.swift */; };
		C3B4760524596BCB0067A3C0 /* Profile.swift in Sources */ = {isa = PBXBuildFile; fileRef = C3B4760424596BCB0067A3C0 /* Profile.swift */; };
		C3BFEBC52477E85F000B5B41 /* SettingsViewModel.swift in Sources */ = {isa = PBXBuildFile; fileRef = C3BFEBC42477E85F000B5B41 /* SettingsViewModel.swift */; };
		C3BFEBC82477F5A4000B5B41 /* R.generated.swift in Sources */ = {isa = PBXBuildFile; fileRef = C3BFEBC72477F5A3000B5B41 /* R.generated.swift */; };
		C3BFEBCC2477F93E000B5B41 /* Localizable.strings in Resources */ = {isa = PBXBuildFile; fileRef = C3BFEBCB2477F93E000B5B41 /* Localizable.strings */; };
		C3C66AF224582B5000D3964D /* ProfileTableViewCell.swift in Sources */ = {isa = PBXBuildFile; fileRef = C3C66AF024582B5000D3964D /* ProfileTableViewCell.swift */; };
		C3C66AF324582B5000D3964D /* ProfileTableViewCell.xib in Resources */ = {isa = PBXBuildFile; fileRef = C3C66AF124582B5000D3964D /* ProfileTableViewCell.xib */; };
		C3C873D12436033400931E9B /* AppError.swift in Sources */ = {isa = PBXBuildFile; fileRef = C3C873D02436033400931E9B /* AppError.swift */; };
		C3C9DD8724B843B3003C83BD /* String.swift in Sources */ = {isa = PBXBuildFile; fileRef = C3C9DD8624B843B3003C83BD /* String.swift */; };
		C3D4AA9024ADC72800F1BAD8 /* UIImageView.swift in Sources */ = {isa = PBXBuildFile; fileRef = C3D4AA8F24ADC72800F1BAD8 /* UIImageView.swift */; };
		C3E7EB7423C710BB0045B70A /* RootManager.swift in Sources */ = {isa = PBXBuildFile; fileRef = C3E7EB7323C710BB0045B70A /* RootManager.swift */; };
		C3ED5A2623AFBECF00C7A492 /* JournalViewController.swift in Sources */ = {isa = PBXBuildFile; fileRef = C3ED5A2423AFBECF00C7A492 /* JournalViewController.swift */; };
		C3ED5A2723AFBECF00C7A492 /* JournalViewController.xib in Resources */ = {isa = PBXBuildFile; fileRef = C3ED5A2523AFBECF00C7A492 /* JournalViewController.xib */; };
		C3ED5A2A23AFBF1300C7A492 /* LifeCircleViewController.swift in Sources */ = {isa = PBXBuildFile; fileRef = C3ED5A2823AFBF1300C7A492 /* LifeCircleViewController.swift */; };
		C3ED5A2B23AFBF1300C7A492 /* LifeCircleViewController.xib in Resources */ = {isa = PBXBuildFile; fileRef = C3ED5A2923AFBF1300C7A492 /* LifeCircleViewController.xib */; };
		C3ED5A3223AFBF6600C7A492 /* AddPostViewController.swift in Sources */ = {isa = PBXBuildFile; fileRef = C3ED5A3023AFBF6600C7A492 /* AddPostViewController.swift */; };
		C3ED5A3323AFBF6600C7A492 /* AddPostViewController.xib in Resources */ = {isa = PBXBuildFile; fileRef = C3ED5A3123AFBF6600C7A492 /* AddPostViewController.xib */; };
		C9446CAB022057A4B4E41A5C /* Pods_GetBetter.framework in Frameworks */ = {isa = PBXBuildFile; fileRef = E5FFE55E2D23BAEC331FB476 /* Pods_GetBetter.framework */; };
		F14950603E4BBFAB23440180 /* 7.png in Resources */ = {isa = PBXBuildFile; fileRef = F1495A3A1A8ED9AC4276F75C /* 7.png */; };
		F14951ADCAB034E8DF436B5D /* 6.png in Resources */ = {isa = PBXBuildFile; fileRef = F1495722D8909D273691A8A4 /* 6.png */; };
		F14951F2B74F664679F89A1B /* FirebaseDatabaseService.swift in Sources */ = {isa = PBXBuildFile; fileRef = F1495A16A4CD0EEE0497DED1 /* FirebaseDatabaseService.swift */; };
		F14954FEAEF05672B805215A /* 8.png in Resources */ = {isa = PBXBuildFile; fileRef = F14953E2C36B7AC09151054D /* 8.png */; };
		F14955EA34AE8AA776A7C8ED /* 2.png in Resources */ = {isa = PBXBuildFile; fileRef = F149537E71EDAF6963040654 /* 2.png */; };
		F149566708A477FB446667C9 /* 3.png in Resources */ = {isa = PBXBuildFile; fileRef = F14958C6AC488E270BB36001 /* 3.png */; };
		F149568306069F87D911B76D /* 9.png in Resources */ = {isa = PBXBuildFile; fileRef = F149568D8593B53F43E6DF5E /* 9.png */; };
		F14956A71011DCD683455A19 /* AlertService.swift in Sources */ = {isa = PBXBuildFile; fileRef = F149592174102B3CF4D0BF93 /* AlertService.swift */; };
		F149571D8D5ACCC62F0EB363 /* CGRect.swift in Sources */ = {isa = PBXBuildFile; fileRef = F14955E497B188FBBB345A1A /* CGRect.swift */; };
		F149598D7787CB41EDB3EA16 /* FirebaseStorageService.swift in Sources */ = {isa = PBXBuildFile; fileRef = F1495AFC05F6D974F60AB947 /* FirebaseStorageService.swift */; };
		F1495A2BAA0794DBE208648C /* UIView+Message.swift in Sources */ = {isa = PBXBuildFile; fileRef = F14950817E129DCC6D81127A /* UIView+Message.swift */; };
		F1495B3E0B748EEF6DED3C8E /* PopUpView.swift in Sources */ = {isa = PBXBuildFile; fileRef = F1495F1990471AD93206DE2B /* PopUpView.swift */; };
		F1495CCF35CE078ED01A9258 /* 1.png in Resources */ = {isa = PBXBuildFile; fileRef = F14958BF1B820ACB6FC09854 /* 1.png */; };
		F1495CE9448BA43B6273D3AB /* 4.png in Resources */ = {isa = PBXBuildFile; fileRef = F1495D61E9E5A5FE7FF55202 /* 4.png */; };
		F1495D5ECDF0B97F424E8224 /* 5.png in Resources */ = {isa = PBXBuildFile; fileRef = F1495DC187F39C709B8B85F8 /* 5.png */; };
		F1495E1F759594DE3F707CCF /* get-better-readme.jpg in Resources */ = {isa = PBXBuildFile; fileRef = F1495B637B114DD9251810C1 /* get-better-readme.jpg */; };
		F1495FF62886FDCD42C6E1A0 /* AppAlertService.swift in Sources */ = {isa = PBXBuildFile; fileRef = F1495C80D26368B970593B5F /* AppAlertService.swift */; };
/* End PBXBuildFile section */

/* Begin PBXFileReference section */
		6E045E962463E8150001E378 /* AchievementsTableViewCell.xib */ = {isa = PBXFileReference; fileEncoding = 4; lastKnownFileType = file.xib; name = AchievementsTableViewCell.xib; path = Classes/Screens/LifeCircleScreen/AchievementsCell/AchievementsTableViewCell.xib; sourceTree = SOURCE_ROOT; };
		6E045E982463E8B40001E378 /* AchievementsTableViewCell.swift */ = {isa = PBXFileReference; fileEncoding = 4; lastKnownFileType = sourcecode.swift; path = AchievementsTableViewCell.swift; sourceTree = "<group>"; };
		6E045E9A24640A6A0001E378 /* Achievement.swift */ = {isa = PBXFileReference; lastKnownFileType = sourcecode.swift; path = Achievement.swift; sourceTree = "<group>"; };
		6E56840E2451AB1F009FBE13 /* SetupSphereValueViewController.swift */ = {isa = PBXFileReference; lastKnownFileType = sourcecode.swift; path = SetupSphereValueViewController.swift; sourceTree = "<group>"; };
		6E56840F2451AB1F009FBE13 /* SetupSphereValueViewController.xib */ = {isa = PBXFileReference; lastKnownFileType = file.xib; path = SetupSphereValueViewController.xib; sourceTree = "<group>"; };
		6E5AE64324601DBC00418B23 /* ResetPasswordViewController.xib */ = {isa = PBXFileReference; fileEncoding = 4; lastKnownFileType = file.xib; name = ResetPasswordViewController.xib; path = Classes/Screens/ResetPassScreen/ResetPasswordViewController.xib; sourceTree = SOURCE_ROOT; };
		6E5AE64524601DD200418B23 /* ResetPasswordViewController.swift */ = {isa = PBXFileReference; fileEncoding = 4; lastKnownFileType = sourcecode.swift; name = ResetPasswordViewController.swift; path = Classes/Screens/ResetPassScreen/ResetPasswordViewController.swift; sourceTree = SOURCE_ROOT; };
		6E6A21792466C6FB00D8AC68 /* Atricle.swift */ = {isa = PBXFileReference; lastKnownFileType = sourcecode.swift; path = Atricle.swift; sourceTree = "<group>"; };
		6E7071F2245C474D00ED7D08 /* SphereValue.swift */ = {isa = PBXFileReference; lastKnownFileType = sourcecode.swift; path = SphereValue.swift; sourceTree = "<group>"; };
		6E711E87246857720068FD8C /* SphereDetailViewController.xib */ = {isa = PBXFileReference; fileEncoding = 4; lastKnownFileType = file.xib; path = SphereDetailViewController.xib; sourceTree = "<group>"; };
		6E711E8B24685BE00068FD8C /* SphereDetailViewController.swift */ = {isa = PBXFileReference; lastKnownFileType = sourcecode.swift; path = SphereDetailViewController.swift; sourceTree = "<group>"; };
		6E9E01BC245464360083499E /* SphereMetrics.swift */ = {isa = PBXFileReference; lastKnownFileType = sourcecode.swift; path = SphereMetrics.swift; sourceTree = "<group>"; };
		6EA85196244F691700D40E14 /* Sphere.swift */ = {isa = PBXFileReference; lastKnownFileType = sourcecode.swift; path = Sphere.swift; sourceTree = "<group>"; };
		6EA85198244F7E8F00D40E14 /* Date.swift */ = {isa = PBXFileReference; lastKnownFileType = sourcecode.swift; path = Date.swift; sourceTree = "<group>"; };
		6EA8519A244F827A00D40E14 /* Post.swift */ = {isa = PBXFileReference; lastKnownFileType = sourcecode.swift; path = Post.swift; sourceTree = "<group>"; };
		6EA8519C244F86FA00D40E14 /* JournalTableViewCell.swift */ = {isa = PBXFileReference; lastKnownFileType = sourcecode.swift; path = JournalTableViewCell.swift; sourceTree = "<group>"; };
		6EA8519D244F86FA00D40E14 /* JournalTableViewCell.xib */ = {isa = PBXFileReference; lastKnownFileType = file.xib; path = JournalTableViewCell.xib; sourceTree = "<group>"; };
		6ED5FF14245207AC00792B1F /* WelcomeViewController.swift */ = {isa = PBXFileReference; lastKnownFileType = sourcecode.swift; path = WelcomeViewController.swift; sourceTree = "<group>"; };
		6ED5FF15245207AC00792B1F /* WelcomeViewController.xib */ = {isa = PBXFileReference; lastKnownFileType = file.xib; path = WelcomeViewController.xib; sourceTree = "<group>"; };
		7583E478DC58EA23326CAB44 /* Pods-GetBetter.release.xcconfig */ = {isa = PBXFileReference; includeInIndex = 1; lastKnownFileType = text.xcconfig; name = "Pods-GetBetter.release.xcconfig"; path = "Target Support Files/Pods-GetBetter/Pods-GetBetter.release.xcconfig"; sourceTree = "<group>"; };
		8365CE35C6D2B5A56AAEC7F5 /* Pods-GetBetter.debug.xcconfig */ = {isa = PBXFileReference; includeInIndex = 1; lastKnownFileType = text.xcconfig; name = "Pods-GetBetter.debug.xcconfig"; path = "Target Support Files/Pods-GetBetter/Pods-GetBetter.debug.xcconfig"; sourceTree = "<group>"; };
		9277D384238C725200B3AECA /* GetBetter.app */ = {isa = PBXFileReference; explicitFileType = wrapper.application; includeInIndex = 0; path = GetBetter.app; sourceTree = BUILT_PRODUCTS_DIR; };
		9277D387238C725200B3AECA /* AppDelegate.swift */ = {isa = PBXFileReference; lastKnownFileType = sourcecode.swift; path = AppDelegate.swift; sourceTree = "<group>"; };
		9277D38E238C725300B3AECA /* Assets.xcassets */ = {isa = PBXFileReference; lastKnownFileType = folder.assetcatalog; path = Assets.xcassets; sourceTree = "<group>"; };
		9277D391238C725300B3AECA /* Base */ = {isa = PBXFileReference; lastKnownFileType = file.storyboard; name = Base; path = Base.lproj/LaunchScreen.storyboard; sourceTree = "<group>"; };
		9277D393238C725300B3AECA /* Info.plist */ = {isa = PBXFileReference; lastKnownFileType = text.plist.xml; path = Info.plist; sourceTree = "<group>"; };
		C3087AD8245AD36C00DDE7A7 /* SphereMetricsTableViewCell.swift */ = {isa = PBXFileReference; lastKnownFileType = sourcecode.swift; path = SphereMetricsTableViewCell.swift; sourceTree = "<group>"; };
		C3087AD9245AD36C00DDE7A7 /* SphereMetricsTableViewCell.xib */ = {isa = PBXFileReference; lastKnownFileType = file.xib; path = SphereMetricsTableViewCell.xib; sourceTree = "<group>"; };
		C309ACB024655CE3007DF0DC /* PostsDateSection.swift */ = {isa = PBXFileReference; lastKnownFileType = sourcecode.swift; path = PostsDateSection.swift; sourceTree = "<group>"; };
		C30C7A0E247E8DC400FD830F /* ConnectionHelper.swift */ = {isa = PBXFileReference; lastKnownFileType = sourcecode.swift; path = ConnectionHelper.swift; sourceTree = "<group>"; };
		C317E56F247D6559001521FE /* NoInternetViewController.swift */ = {isa = PBXFileReference; lastKnownFileType = sourcecode.swift; path = NoInternetViewController.swift; sourceTree = "<group>"; };
		C317E570247D6559001521FE /* NoInternetViewController.xib */ = {isa = PBXFileReference; lastKnownFileType = file.xib; path = NoInternetViewController.xib; sourceTree = "<group>"; };
		C31FF9782452CC8D00642C7B /* ArticleViewController.swift */ = {isa = PBXFileReference; fileEncoding = 4; lastKnownFileType = sourcecode.swift; path = ArticleViewController.swift; sourceTree = "<group>"; };
		C31FF97A2452CCA400642C7B /* ArticleViewController.xib */ = {isa = PBXFileReference; fileEncoding = 4; lastKnownFileType = file.xib; path = ArticleViewController.xib; sourceTree = "<group>"; };
		C328EE032447294100445704 /* RegisterViewController.swift */ = {isa = PBXFileReference; lastKnownFileType = sourcecode.swift; path = RegisterViewController.swift; sourceTree = "<group>"; };
		C328EE042447294100445704 /* RegisterViewController.xib */ = {isa = PBXFileReference; lastKnownFileType = file.xib; path = RegisterViewController.xib; sourceTree = "<group>"; };
		C32D4CE023D0F3FC00AD9863 /* GlobalDefinitions.swift */ = {isa = PBXFileReference; lastKnownFileType = sourcecode.swift; path = GlobalDefinitions.swift; sourceTree = "<group>"; };
		C33AD1DE2451AE9B00A08006 /* OnboardingPageViewController.swift */ = {isa = PBXFileReference; lastKnownFileType = sourcecode.swift; path = OnboardingPageViewController.swift; sourceTree = "<group>"; };
		C33B344C247BAE74008EA2D1 /* UITextView.swift */ = {isa = PBXFileReference; lastKnownFileType = sourcecode.swift; path = UITextView.swift; sourceTree = "<group>"; };
		C33B3450247C111F008EA2D1 /* NSAttributedString.swift */ = {isa = PBXFileReference; lastKnownFileType = sourcecode.swift; path = NSAttributedString.swift; sourceTree = "<group>"; };
		C33B3452247C137A008EA2D1 /* UIFont.swift */ = {isa = PBXFileReference; lastKnownFileType = sourcecode.swift; path = UIFont.swift; sourceTree = "<group>"; };
		C34B14E824475ED000B58B18 /* FormValidator.swift */ = {isa = PBXFileReference; lastKnownFileType = sourcecode.swift; path = FormValidator.swift; sourceTree = "<group>"; };
		C35750D224507E7B00BA7006 /* PostDetailViewController.swift */ = {isa = PBXFileReference; lastKnownFileType = sourcecode.swift; path = PostDetailViewController.swift; sourceTree = "<group>"; };
		C35750D324507E7B00BA7006 /* PostDetailViewController.xib */ = {isa = PBXFileReference; lastKnownFileType = file.xib; path = PostDetailViewController.xib; sourceTree = "<group>"; };
		C35B38AE2462D57500E0C416 /* Photo.swift */ = {isa = PBXFileReference; lastKnownFileType = sourcecode.swift; path = Photo.swift; sourceTree = "<group>"; };
		C35B38B02462E1E700E0C416 /* UIImage.swift */ = {isa = PBXFileReference; lastKnownFileType = sourcecode.swift; path = UIImage.swift; sourceTree = "<group>"; };
		C35EBD92244DE870004593CC /* GoogleService-Info.plist */ = {isa = PBXFileReference; fileEncoding = 4; lastKnownFileType = text.plist.xml; path = "GoogleService-Info.plist"; sourceTree = "<group>"; };
		C36D8453239BF322004FEFD5 /* TabBarController.swift */ = {isa = PBXFileReference; lastKnownFileType = sourcecode.swift; path = TabBarController.swift; sourceTree = "<group>"; };
		C36DE9C0246E7F3F005635E4 /* DatabaseService.swift */ = {isa = PBXFileReference; lastKnownFileType = sourcecode.swift; path = DatabaseService.swift; sourceTree = "<group>"; };
		C36DE9C2246E7F58005635E4 /* StorageService.swift */ = {isa = PBXFileReference; lastKnownFileType = sourcecode.swift; path = StorageService.swift; sourceTree = "<group>"; };
		C36F66452449AC3C00293246 /* KeychainHelper.swift */ = {isa = PBXFileReference; lastKnownFileType = sourcecode.swift; path = KeychainHelper.swift; sourceTree = "<group>"; };
		C36F66472449BE0000293246 /* UIViewController.swift */ = {isa = PBXFileReference; lastKnownFileType = sourcecode.swift; path = UIViewController.swift; sourceTree = "<group>"; };
		C37AECC2244F002C0080CCAC /* EditProfileViewController.swift */ = {isa = PBXFileReference; lastKnownFileType = sourcecode.swift; path = EditProfileViewController.swift; sourceTree = "<group>"; };
		C37AECC3244F002C0080CCAC /* EditProfileViewController.xib */ = {isa = PBXFileReference; lastKnownFileType = file.xib; path = EditProfileViewController.xib; sourceTree = "<group>"; };
		C37D0B3D23D79088005A1BCF /* Label.swift */ = {isa = PBXFileReference; lastKnownFileType = sourcecode.swift; path = Label.swift; sourceTree = "<group>"; };
		C392971E247FAE04000340DC /* PostMapper.swift */ = {isa = PBXFileReference; lastKnownFileType = sourcecode.swift; path = PostMapper.swift; sourceTree = "<group>"; };
		C39423D624404E8E0060CF50 /* AuthViewController.swift */ = {isa = PBXFileReference; lastKnownFileType = sourcecode.swift; path = AuthViewController.swift; sourceTree = "<group>"; };
		C39423D724404E8E0060CF50 /* AuthViewController.xib */ = {isa = PBXFileReference; lastKnownFileType = file.xib; path = AuthViewController.xib; sourceTree = "<group>"; };
		C396E23B246AC71E00DBF0E4 /* Double.swift */ = {isa = PBXFileReference; lastKnownFileType = sourcecode.swift; path = Double.swift; sourceTree = "<group>"; };
		C396E23D246AC8E200DBF0E4 /* AchievementViewModel.swift */ = {isa = PBXFileReference; lastKnownFileType = sourcecode.swift; path = AchievementViewModel.swift; sourceTree = "<group>"; };
		C39A321D245710BC005D2EDF /* SettingsViewController.swift */ = {isa = PBXFileReference; lastKnownFileType = sourcecode.swift; path = SettingsViewController.swift; sourceTree = "<group>"; };
		C39A321E245710BC005D2EDF /* SettingsViewController.xib */ = {isa = PBXFileReference; lastKnownFileType = file.xib; path = SettingsViewController.xib; sourceTree = "<group>"; };
		C39FD71B24499E7700F96307 /* NotificationName.swift */ = {isa = PBXFileReference; lastKnownFileType = sourcecode.swift; path = NotificationName.swift; sourceTree = "<group>"; };
		C3A1058E23AC045D008F5F9B /* Color.swift */ = {isa = PBXFileReference; lastKnownFileType = sourcecode.swift; path = Color.swift; sourceTree = "<group>"; };
		C3B4760224596BAD0067A3C0 /* CommonSettingsCell.swift */ = {isa = PBXFileReference; lastKnownFileType = sourcecode.swift; path = CommonSettingsCell.swift; sourceTree = "<group>"; };
		C3B4760424596BCB0067A3C0 /* Profile.swift */ = {isa = PBXFileReference; lastKnownFileType = sourcecode.swift; path = Profile.swift; sourceTree = "<group>"; };
		C3BFEBC42477E85F000B5B41 /* SettingsViewModel.swift */ = {isa = PBXFileReference; lastKnownFileType = sourcecode.swift; path = SettingsViewModel.swift; sourceTree = "<group>"; };
		C3BFEBC72477F5A3000B5B41 /* R.generated.swift */ = {isa = PBXFileReference; fileEncoding = 4; lastKnownFileType = sourcecode.swift; path = R.generated.swift; sourceTree = "<group>"; };
		C3BFEBCB2477F93E000B5B41 /* Localizable.strings */ = {isa = PBXFileReference; lastKnownFileType = text.plist.strings; path = Localizable.strings; sourceTree = "<group>"; };
		C3C66AF024582B5000D3964D /* ProfileTableViewCell.swift */ = {isa = PBXFileReference; lastKnownFileType = sourcecode.swift; path = ProfileTableViewCell.swift; sourceTree = "<group>"; };
		C3C66AF124582B5000D3964D /* ProfileTableViewCell.xib */ = {isa = PBXFileReference; lastKnownFileType = file.xib; path = ProfileTableViewCell.xib; sourceTree = "<group>"; };
		C3C873D02436033400931E9B /* AppError.swift */ = {isa = PBXFileReference; lastKnownFileType = sourcecode.swift; path = AppError.swift; sourceTree = "<group>"; };
		C3C9DD8624B843B3003C83BD /* String.swift */ = {isa = PBXFileReference; lastKnownFileType = sourcecode.swift; path = String.swift; sourceTree = "<group>"; };
		C3C9DD8824B8A1DC003C83BD /* GetBetter.entitlements */ = {isa = PBXFileReference; fileEncoding = 4; lastKnownFileType = text.plist.entitlements; path = GetBetter.entitlements; sourceTree = "<group>"; };
		C3D4AA8F24ADC72800F1BAD8 /* UIImageView.swift */ = {isa = PBXFileReference; lastKnownFileType = sourcecode.swift; path = UIImageView.swift; sourceTree = "<group>"; };
		C3E7EB7323C710BB0045B70A /* RootManager.swift */ = {isa = PBXFileReference; lastKnownFileType = sourcecode.swift; path = RootManager.swift; sourceTree = "<group>"; };
		C3ED5A2423AFBECF00C7A492 /* JournalViewController.swift */ = {isa = PBXFileReference; lastKnownFileType = sourcecode.swift; path = JournalViewController.swift; sourceTree = "<group>"; };
		C3ED5A2523AFBECF00C7A492 /* JournalViewController.xib */ = {isa = PBXFileReference; lastKnownFileType = file.xib; path = JournalViewController.xib; sourceTree = "<group>"; };
		C3ED5A2823AFBF1300C7A492 /* LifeCircleViewController.swift */ = {isa = PBXFileReference; lastKnownFileType = sourcecode.swift; path = LifeCircleViewController.swift; sourceTree = "<group>"; };
		C3ED5A2923AFBF1300C7A492 /* LifeCircleViewController.xib */ = {isa = PBXFileReference; lastKnownFileType = file.xib; path = LifeCircleViewController.xib; sourceTree = "<group>"; };
		C3ED5A3023AFBF6600C7A492 /* AddPostViewController.swift */ = {isa = PBXFileReference; lastKnownFileType = sourcecode.swift; path = AddPostViewController.swift; sourceTree = "<group>"; };
		C3ED5A3123AFBF6600C7A492 /* AddPostViewController.xib */ = {isa = PBXFileReference; lastKnownFileType = file.xib; path = AddPostViewController.xib; sourceTree = "<group>"; };
		E5FFE55E2D23BAEC331FB476 /* Pods_GetBetter.framework */ = {isa = PBXFileReference; explicitFileType = wrapper.framework; includeInIndex = 0; path = Pods_GetBetter.framework; sourceTree = BUILT_PRODUCTS_DIR; };
		F14950817E129DCC6D81127A /* UIView+Message.swift */ = {isa = PBXFileReference; fileEncoding = 4; lastKnownFileType = sourcecode.swift; path = "UIView+Message.swift"; sourceTree = "<group>"; };
		F149537E71EDAF6963040654 /* 2.png */ = {isa = PBXFileReference; lastKnownFileType = image.png; path = 2.png; sourceTree = "<group>"; };
		F14953E2C36B7AC09151054D /* 8.png */ = {isa = PBXFileReference; lastKnownFileType = image.png; path = 8.png; sourceTree = "<group>"; };
		F14955E497B188FBBB345A1A /* CGRect.swift */ = {isa = PBXFileReference; fileEncoding = 4; lastKnownFileType = sourcecode.swift; path = CGRect.swift; sourceTree = "<group>"; };
		F149568D8593B53F43E6DF5E /* 9.png */ = {isa = PBXFileReference; lastKnownFileType = image.png; path = 9.png; sourceTree = "<group>"; };
		F1495722D8909D273691A8A4 /* 6.png */ = {isa = PBXFileReference; lastKnownFileType = image.png; path = 6.png; sourceTree = "<group>"; };
		F14958BF1B820ACB6FC09854 /* 1.png */ = {isa = PBXFileReference; lastKnownFileType = image.png; path = 1.png; sourceTree = "<group>"; };
		F14958C6AC488E270BB36001 /* 3.png */ = {isa = PBXFileReference; lastKnownFileType = image.png; path = 3.png; sourceTree = "<group>"; };
		F149592174102B3CF4D0BF93 /* AlertService.swift */ = {isa = PBXFileReference; fileEncoding = 4; lastKnownFileType = sourcecode.swift; path = AlertService.swift; sourceTree = "<group>"; };
		F1495A16A4CD0EEE0497DED1 /* FirebaseDatabaseService.swift */ = {isa = PBXFileReference; fileEncoding = 4; lastKnownFileType = sourcecode.swift; path = FirebaseDatabaseService.swift; sourceTree = "<group>"; };
		F1495A3A1A8ED9AC4276F75C /* 7.png */ = {isa = PBXFileReference; lastKnownFileType = image.png; path = 7.png; sourceTree = "<group>"; };
		F1495AFC05F6D974F60AB947 /* FirebaseStorageService.swift */ = {isa = PBXFileReference; fileEncoding = 4; lastKnownFileType = sourcecode.swift; path = FirebaseStorageService.swift; sourceTree = "<group>"; };
		F1495B637B114DD9251810C1 /* get-better-readme.jpg */ = {isa = PBXFileReference; lastKnownFileType = image.jpeg; path = "get-better-readme.jpg"; sourceTree = "<group>"; };
		F1495C80D26368B970593B5F /* AppAlertService.swift */ = {isa = PBXFileReference; fileEncoding = 4; lastKnownFileType = sourcecode.swift; path = AppAlertService.swift; sourceTree = "<group>"; };
		F1495D61E9E5A5FE7FF55202 /* 4.png */ = {isa = PBXFileReference; lastKnownFileType = image.png; path = 4.png; sourceTree = "<group>"; };
		F1495DC187F39C709B8B85F8 /* 5.png */ = {isa = PBXFileReference; lastKnownFileType = image.png; path = 5.png; sourceTree = "<group>"; };
		F1495F1990471AD93206DE2B /* PopUpView.swift */ = {isa = PBXFileReference; fileEncoding = 4; lastKnownFileType = sourcecode.swift; path = PopUpView.swift; sourceTree = "<group>"; };
/* End PBXFileReference section */

/* Begin PBXFrameworksBuildPhase section */
		9277D381238C725200B3AECA /* Frameworks */ = {
			isa = PBXFrameworksBuildPhase;
			buildActionMask = 2147483647;
			files = (
				C9446CAB022057A4B4E41A5C /* Pods_GetBetter.framework in Frameworks */,
			);
			runOnlyForDeploymentPostprocessing = 0;
		};
/* End PBXFrameworksBuildPhase section */

/* Begin PBXGroup section */
		6E045E952463E7800001E378 /* AchievementsCell */ = {
			isa = PBXGroup;
			children = (
				6E045E982463E8B40001E378 /* AchievementsTableViewCell.swift */,
				6E045E962463E8150001E378 /* AchievementsTableViewCell.xib */,
			);
			path = AchievementsCell;
			sourceTree = "<group>";
		};
		6E5A984A2455888E001F8008 /* SphereMetricsCell */ = {
			isa = PBXGroup;
			children = (
				C3087AD8245AD36C00DDE7A7 /* SphereMetricsTableViewCell.swift */,
				C3087AD9245AD36C00DDE7A7 /* SphereMetricsTableViewCell.xib */,
			);
			path = SphereMetricsCell;
			sourceTree = "<group>";
		};
		6E5AE648246028E100418B23 /* ResetPassScreen */ = {
			isa = PBXGroup;
			children = (
				6E5AE64524601DD200418B23 /* ResetPasswordViewController.swift */,
				6E5AE64324601DBC00418B23 /* ResetPasswordViewController.xib */,
			);
			path = ResetPassScreen;
			sourceTree = "<group>";
		};
		6E5AFCD32450C06800F283C4 /* AddPostScreen */ = {
			isa = PBXGroup;
			children = (
				C3ED5A3023AFBF6600C7A492 /* AddPostViewController.swift */,
				C3ED5A3123AFBF6600C7A492 /* AddPostViewController.xib */,
			);
			path = AddPostScreen;
			sourceTree = "<group>";
		};
		6E711E84246856730068FD8C /* SphereDetailScreen */ = {
			isa = PBXGroup;
			children = (
				6E711E8B24685BE00068FD8C /* SphereDetailViewController.swift */,
				6E711E87246857720068FD8C /* SphereDetailViewController.xib */,
			);
			path = SphereDetailScreen;
			sourceTree = "<group>";
		};
		9277D37B238C725200B3AECA = {
			isa = PBXGroup;
			children = (
				C3C9DD8824B8A1DC003C83BD /* GetBetter.entitlements */,
				C3BFEBC72477F5A3000B5B41 /* R.generated.swift */,
				9277D386238C725200B3AECA /* Classes */,
				9277D385238C725200B3AECA /* Products */,
				A6B2429419AF3A5996472DBD /* Pods */,
				CD58C7CE61B72210D8D8F88B /* Frameworks */,
				F1495E7A4CBA011782A12B40 /* Pics */,
			);
			sourceTree = "<group>";
		};
		9277D385238C725200B3AECA /* Products */ = {
			isa = PBXGroup;
			children = (
				9277D384238C725200B3AECA /* GetBetter.app */,
			);
			name = Products;
			sourceTree = "<group>";
		};
		9277D386238C725200B3AECA /* Classes */ = {
			isa = PBXGroup;
			children = (
				9277D387238C725200B3AECA /* AppDelegate.swift */,
				C3E7EB7323C710BB0045B70A /* RootManager.swift */,
				C32D4CE023D0F3FC00AD9863 /* GlobalDefinitions.swift */,
				C3C873CF2436032400931E9B /* Error */,
				C34B14E724475EA700B58B18 /* Helper */,
				C3F0141723D080CE009D83AD /* Service */,
				C3724EC423AFABD000D49AD6 /* Screens */,
				C392971D247FADF2000340DC /* Mapper */,
				C3724ECC23AFAD6E00D49AD6 /* Models */,
				C306790C23AC990500B6E105 /* Extensions */,
				C3BFEBC92477F8F3000B5B41 /* Resources */,
			);
			path = Classes;
			sourceTree = "<group>";
		};
		A6B2429419AF3A5996472DBD /* Pods */ = {
			isa = PBXGroup;
			children = (
				8365CE35C6D2B5A56AAEC7F5 /* Pods-GetBetter.debug.xcconfig */,
				7583E478DC58EA23326CAB44 /* Pods-GetBetter.release.xcconfig */,
			);
			path = Pods;
			sourceTree = "<group>";
		};
		C306790C23AC990500B6E105 /* Extensions */ = {
			isa = PBXGroup;
			children = (
				C3A1058E23AC045D008F5F9B /* Color.swift */,
				C37D0B3D23D79088005A1BCF /* Label.swift */,
				C39FD71B24499E7700F96307 /* NotificationName.swift */,
				C36F66472449BE0000293246 /* UIViewController.swift */,
				6EA85198244F7E8F00D40E14 /* Date.swift */,
				C35B38B02462E1E700E0C416 /* UIImage.swift */,
				C396E23B246AC71E00DBF0E4 /* Double.swift */,
				C33B344C247BAE74008EA2D1 /* UITextView.swift */,
				C33B3450247C111F008EA2D1 /* NSAttributedString.swift */,
				C33B3452247C137A008EA2D1 /* UIFont.swift */,
				F14950817E129DCC6D81127A /* UIView+Message.swift */,
				F14955E497B188FBBB345A1A /* CGRect.swift */,
				C3D4AA8F24ADC72800F1BAD8 /* UIImageView.swift */,
				C3C9DD8624B843B3003C83BD /* String.swift */,
			);
			path = Extensions;
			sourceTree = "<group>";
		};
		C317E56E247D6531001521FE /* NoInternetScreen */ = {
			isa = PBXGroup;
			children = (
				C317E56F247D6559001521FE /* NoInternetViewController.swift */,
				C317E570247D6559001521FE /* NoInternetViewController.xib */,
			);
			path = NoInternetScreen;
			sourceTree = "<group>";
		};
		C328EE022447291200445704 /* RegisterScreen */ = {
			isa = PBXGroup;
			children = (
				C328EE032447294100445704 /* RegisterViewController.swift */,
				C328EE042447294100445704 /* RegisterViewController.xib */,
			);
			path = RegisterScreen;
			sourceTree = "<group>";
		};
		C33AD1D9245191A500A08006 /* OnBoardingScreen */ = {
			isa = PBXGroup;
			children = (
				C33AD1DE2451AE9B00A08006 /* OnboardingPageViewController.swift */,
				6ED5FF14245207AC00792B1F /* WelcomeViewController.swift */,
				6ED5FF15245207AC00792B1F /* WelcomeViewController.xib */,
				6E56840E2451AB1F009FBE13 /* SetupSphereValueViewController.swift */,
				6E56840F2451AB1F009FBE13 /* SetupSphereValueViewController.xib */,
			);
			path = OnBoardingScreen;
			sourceTree = "<group>";
		};
		C34B14E724475EA700B58B18 /* Helper */ = {
			isa = PBXGroup;
			children = (
				C34B14E824475ED000B58B18 /* FormValidator.swift */,
				C36F66452449AC3C00293246 /* KeychainHelper.swift */,
				C30C7A0E247E8DC400FD830F /* ConnectionHelper.swift */,
			);
			path = Helper;
			sourceTree = "<group>";
		};
		C35750D12450256700BA7006 /* JournalCell */ = {
			isa = PBXGroup;
			children = (
				6EA8519C244F86FA00D40E14 /* JournalTableViewCell.swift */,
				6EA8519D244F86FA00D40E14 /* JournalTableViewCell.xib */,
			);
			path = JournalCell;
			sourceTree = "<group>";
		};
		C36DE9BF246E7F0E005635E4 /* Protocols */ = {
			isa = PBXGroup;
			children = (
				C36DE9C0246E7F3F005635E4 /* DatabaseService.swift */,
				C36DE9C2246E7F58005635E4 /* StorageService.swift */,
				F149592174102B3CF4D0BF93 /* AlertService.swift */,
			);
			path = Protocols;
			sourceTree = "<group>";
		};
		C36DE9C4246E84BB005635E4 /* ViewModel */ = {
			isa = PBXGroup;
			children = (
				C396E23D246AC8E200DBF0E4 /* AchievementViewModel.swift */,
			);
			path = ViewModel;
			sourceTree = "<group>";
		};
		C3724EC423AFABD000D49AD6 /* Screens */ = {
			isa = PBXGroup;
			children = (
				C317E56E247D6531001521FE /* NoInternetScreen */,
				C3BFEBC12477A291000B5B41 /* MainTabBar */,
				C39A321C2457109A005D2EDF /* SettingsScreen */,
				C33AD1D9245191A500A08006 /* OnBoardingScreen */,
				C39423D524404E6F0060CF50 /* AuthScreen */,
				6E5AE648246028E100418B23 /* ResetPassScreen */,
				C328EE022447291200445704 /* RegisterScreen */,
				C3724EC923AFAC5800D49AD6 /* LifeCircleScreen */,
				C3724ECA23AFAC5D00D49AD6 /* JournalScreen */,
				6E5AFCD32450C06800F283C4 /* AddPostScreen */,
				C3724EC723AFAC2400D49AD6 /* PostDetailScreen */,
				F1495148C9B23AA07950B63D /* AlertView */,
			);
			path = Screens;
			sourceTree = "<group>";
		};
		C3724EC723AFAC2400D49AD6 /* PostDetailScreen */ = {
			isa = PBXGroup;
			children = (
				C35750D224507E7B00BA7006 /* PostDetailViewController.swift */,
				C35750D324507E7B00BA7006 /* PostDetailViewController.xib */,
			);
			path = PostDetailScreen;
			sourceTree = "<group>";
		};
		C3724EC823AFAC4E00D49AD6 /* EditProfileScreen */ = {
			isa = PBXGroup;
			children = (
				C37AECC2244F002C0080CCAC /* EditProfileViewController.swift */,
				C37AECC3244F002C0080CCAC /* EditProfileViewController.xib */,
			);
			path = EditProfileScreen;
			sourceTree = "<group>";
		};
		C3724EC923AFAC5800D49AD6 /* LifeCircleScreen */ = {
			isa = PBXGroup;
			children = (
				C36DE9C4246E84BB005635E4 /* ViewModel */,
				C3ED5A2823AFBF1300C7A492 /* LifeCircleViewController.swift */,
				C3ED5A2923AFBF1300C7A492 /* LifeCircleViewController.xib */,
				6E5A984A2455888E001F8008 /* SphereMetricsCell */,
				6E711E84246856730068FD8C /* SphereDetailScreen */,
				6E045E952463E7800001E378 /* AchievementsCell */,
			);
			path = LifeCircleScreen;
			sourceTree = "<group>";
		};
		C3724ECA23AFAC5D00D49AD6 /* JournalScreen */ = {
			isa = PBXGroup;
			children = (
				C3ED5A2423AFBECF00C7A492 /* JournalViewController.swift */,
				C3ED5A2523AFBECF00C7A492 /* JournalViewController.xib */,
				C35750D12450256700BA7006 /* JournalCell */,
			);
			path = JournalScreen;
			sourceTree = "<group>";
		};
		C3724ECC23AFAD6E00D49AD6 /* Models */ = {
			isa = PBXGroup;
			children = (
				6EA85196244F691700D40E14 /* Sphere.swift */,
				6EA8519A244F827A00D40E14 /* Post.swift */,
				6E9E01BC245464360083499E /* SphereMetrics.swift */,
				C3B4760224596BAD0067A3C0 /* CommonSettingsCell.swift */,
				C3B4760424596BCB0067A3C0 /* Profile.swift */,
				6E7071F2245C474D00ED7D08 /* SphereValue.swift */,
				C35B38AE2462D57500E0C416 /* Photo.swift */,
				6E045E9A24640A6A0001E378 /* Achievement.swift */,
				C309ACB024655CE3007DF0DC /* PostsDateSection.swift */,
				6E6A21792466C6FB00D8AC68 /* Atricle.swift */,
			);
			path = Models;
			sourceTree = "<group>";
		};
		C392971D247FADF2000340DC /* Mapper */ = {
			isa = PBXGroup;
			children = (
				C392971E247FAE04000340DC /* PostMapper.swift */,
			);
			path = Mapper;
			sourceTree = "<group>";
		};
		C39423D524404E6F0060CF50 /* AuthScreen */ = {
			isa = PBXGroup;
			children = (
				C39423D624404E8E0060CF50 /* AuthViewController.swift */,
				C39423D724404E8E0060CF50 /* AuthViewController.xib */,
			);
			path = AuthScreen;
			sourceTree = "<group>";
		};
		C39A321C2457109A005D2EDF /* SettingsScreen */ = {
			isa = PBXGroup;
			children = (
				C3BFEBC32477E844000B5B41 /* ViewModel */,
				C39A321D245710BC005D2EDF /* SettingsViewController.swift */,
				C39A321E245710BC005D2EDF /* SettingsViewController.xib */,
				C3A10078245859CB00E2D579 /* ProfileScreen */,
				C3A1007E24585EFC00E2D579 /* ArticleScreen */,
			);
			path = SettingsScreen;
			sourceTree = "<group>";
		};
		C3A10078245859CB00E2D579 /* ProfileScreen */ = {
			isa = PBXGroup;
			children = (
				C3C66AEF24582B2900D3964D /* ProfileCell */,
				C3724EC823AFAC4E00D49AD6 /* EditProfileScreen */,
			);
			path = ProfileScreen;
			sourceTree = "<group>";
		};
		C3A1007E24585EFC00E2D579 /* ArticleScreen */ = {
			isa = PBXGroup;
			children = (
				C31FF9782452CC8D00642C7B /* ArticleViewController.swift */,
				C31FF97A2452CCA400642C7B /* ArticleViewController.xib */,
			);
			path = ArticleScreen;
			sourceTree = "<group>";
		};
		C3BFEBC12477A291000B5B41 /* MainTabBar */ = {
			isa = PBXGroup;
			children = (
				C36D8453239BF322004FEFD5 /* TabBarController.swift */,
			);
			path = MainTabBar;
			sourceTree = "<group>";
		};
		C3BFEBC32477E844000B5B41 /* ViewModel */ = {
			isa = PBXGroup;
			children = (
				C3BFEBC42477E85F000B5B41 /* SettingsViewModel.swift */,
			);
			path = ViewModel;
			sourceTree = "<group>";
		};
		C3BFEBC92477F8F3000B5B41 /* Resources */ = {
			isa = PBXGroup;
			children = (
				9277D38E238C725300B3AECA /* Assets.xcassets */,
				9277D390238C725300B3AECA /* LaunchScreen.storyboard */,
				C35EBD92244DE870004593CC /* GoogleService-Info.plist */,
				9277D393238C725300B3AECA /* Info.plist */,
				C3BFEBCB2477F93E000B5B41 /* Localizable.strings */,
			);
			path = Resources;
			sourceTree = "<group>";
		};
		C3C66AEF24582B2900D3964D /* ProfileCell */ = {
			isa = PBXGroup;
			children = (
				C3C66AF024582B5000D3964D /* ProfileTableViewCell.swift */,
				C3C66AF124582B5000D3964D /* ProfileTableViewCell.xib */,
			);
			path = ProfileCell;
			sourceTree = "<group>";
		};
		C3C873CF2436032400931E9B /* Error */ = {
			isa = PBXGroup;
			children = (
				C3C873D02436033400931E9B /* AppError.swift */,
			);
			path = Error;
			sourceTree = "<group>";
		};
		C3F0141723D080CE009D83AD /* Service */ = {
			isa = PBXGroup;
			children = (
				C36DE9BF246E7F0E005635E4 /* Protocols */,
				F1495A4CCD11BF944AD5B848 /* Impl */,
			);
			path = Service;
			sourceTree = "<group>";
		};
		CD58C7CE61B72210D8D8F88B /* Frameworks */ = {
			isa = PBXGroup;
			children = (
				E5FFE55E2D23BAEC331FB476 /* Pods_GetBetter.framework */,
			);
			name = Frameworks;
			sourceTree = "<group>";
		};
		F1495148C9B23AA07950B63D /* AlertView */ = {
			isa = PBXGroup;
			children = (
				F1495F1990471AD93206DE2B /* PopUpView.swift */,
			);
			path = AlertView;
			sourceTree = "<group>";
		};
		F1495A4CCD11BF944AD5B848 /* Impl */ = {
			isa = PBXGroup;
			children = (
				F1495C80D26368B970593B5F /* AppAlertService.swift */,
				F1495A16A4CD0EEE0497DED1 /* FirebaseDatabaseService.swift */,
				F1495AFC05F6D974F60AB947 /* FirebaseStorageService.swift */,
			);
			path = Impl;
			sourceTree = "<group>";
		};
		F1495E7A4CBA011782A12B40 /* Pics */ = {
			isa = PBXGroup;
			children = (
				F1495B637B114DD9251810C1 /* get-better-readme.jpg */,
				F14958C6AC488E270BB36001 /* 3.png */,
				F1495722D8909D273691A8A4 /* 6.png */,
				F1495A3A1A8ED9AC4276F75C /* 7.png */,
				F14953E2C36B7AC09151054D /* 8.png */,
				F149537E71EDAF6963040654 /* 2.png */,
				F1495DC187F39C709B8B85F8 /* 5.png */,
				F14958BF1B820ACB6FC09854 /* 1.png */,
				F1495D61E9E5A5FE7FF55202 /* 4.png */,
				F149568D8593B53F43E6DF5E /* 9.png */,
			);
			path = Pics;
			sourceTree = "<group>";
		};
/* End PBXGroup section */

/* Begin PBXNativeTarget section */
		9277D383238C725200B3AECA /* GetBetter */ = {
			isa = PBXNativeTarget;
			buildConfigurationList = 9277D396238C725300B3AECA /* Build configuration list for PBXNativeTarget "GetBetter" */;
			buildPhases = (
				DE507958CFD4E392624AEA78 /* [CP] Check Pods Manifest.lock */,
				C3BFEBC62477F3B4000B5B41 /* ShellScript */,
				9277D380238C725200B3AECA /* Sources */,
				9277D381238C725200B3AECA /* Frameworks */,
				9277D382238C725200B3AECA /* Resources */,
				D5165A3E0A530DE14E33B9DB /* [CP] Embed Pods Frameworks */,
			);
			buildRules = (
			);
			dependencies = (
			);
			name = GetBetter;
			productName = "My iOS education";
			productReference = 9277D384238C725200B3AECA /* GetBetter.app */;
			productType = "com.apple.product-type.application";
		};
/* End PBXNativeTarget section */

/* Begin PBXProject section */
		9277D37C238C725200B3AECA /* Project object */ = {
			isa = PBXProject;
			attributes = {
				LastSwiftUpdateCheck = 1030;
				LastUpgradeCheck = 1030;
				ORGANIZATIONNAME = "Artur Islamgulov";
				TargetAttributes = {
					9277D383238C725200B3AECA = {
						CreatedOnToolsVersion = 10.3;
					};
				};
			};
			buildConfigurationList = 9277D37F238C725200B3AECA /* Build configuration list for PBXProject "GetBetter" */;
			compatibilityVersion = "Xcode 10.0";
			developmentRegion = en;
			hasScannedForEncodings = 0;
			knownRegions = (
				en,
				Base,
			);
			mainGroup = 9277D37B238C725200B3AECA;
			productRefGroup = 9277D385238C725200B3AECA /* Products */;
			projectDirPath = "";
			projectRoot = "";
			targets = (
				9277D383238C725200B3AECA /* GetBetter */,
			);
		};
/* End PBXProject section */

/* Begin PBXResourcesBuildPhase section */
		9277D382238C725200B3AECA /* Resources */ = {
			isa = PBXResourcesBuildPhase;
			buildActionMask = 2147483647;
			files = (
				6E711E88246857720068FD8C /* SphereDetailViewController.xib in Resources */,
				6E5AE64424601DBC00418B23 /* ResetPasswordViewController.xib in Resources */,
				C3087ADB245AD36C00DDE7A7 /* SphereMetricsTableViewCell.xib in Resources */,
				9277D392238C725300B3AECA /* LaunchScreen.storyboard in Resources */,
				C328EE062447294100445704 /* RegisterViewController.xib in Resources */,
				6E5684112451AB1F009FBE13 /* SetupSphereValueViewController.xib in Resources */,
				C3C66AF324582B5000D3964D /* ProfileTableViewCell.xib in Resources */,
				9277D38F238C725300B3AECA /* Assets.xcassets in Resources */,
				C3ED5A2723AFBECF00C7A492 /* JournalViewController.xib in Resources */,
				C3ED5A2B23AFBF1300C7A492 /* LifeCircleViewController.xib in Resources */,
				C3BFEBCC2477F93E000B5B41 /* Localizable.strings in Resources */,
				C35750D524507E7B00BA7006 /* PostDetailViewController.xib in Resources */,
				6ED5FF17245207AC00792B1F /* WelcomeViewController.xib in Resources */,
				C39A3220245710BC005D2EDF /* SettingsViewController.xib in Resources */,
				C39423D924404E8E0060CF50 /* AuthViewController.xib in Resources */,
				C37AECC5244F002C0080CCAC /* EditProfileViewController.xib in Resources */,
				6EA8519F244F86FA00D40E14 /* JournalTableViewCell.xib in Resources */,
				C35EBD93244DE870004593CC /* GoogleService-Info.plist in Resources */,
				6E045E972463E8150001E378 /* AchievementsTableViewCell.xib in Resources */,
				C31FF97B2452CCA400642C7B /* ArticleViewController.xib in Resources */,
				C317E572247D6559001521FE /* NoInternetViewController.xib in Resources */,
				C3ED5A3323AFBF6600C7A492 /* AddPostViewController.xib in Resources */,
				F1495E1F759594DE3F707CCF /* get-better-readme.jpg in Resources */,
				F149566708A477FB446667C9 /* 3.png in Resources */,
				F14951ADCAB034E8DF436B5D /* 6.png in Resources */,
				F14950603E4BBFAB23440180 /* 7.png in Resources */,
				F14954FEAEF05672B805215A /* 8.png in Resources */,
				F14955EA34AE8AA776A7C8ED /* 2.png in Resources */,
				F1495D5ECDF0B97F424E8224 /* 5.png in Resources */,
				F1495CCF35CE078ED01A9258 /* 1.png in Resources */,
				F1495CE9448BA43B6273D3AB /* 4.png in Resources */,
				F149568306069F87D911B76D /* 9.png in Resources */,
			);
			runOnlyForDeploymentPostprocessing = 0;
		};
/* End PBXResourcesBuildPhase section */

/* Begin PBXShellScriptBuildPhase section */
		C3BFEBC62477F3B4000B5B41 /* ShellScript */ = {
			isa = PBXShellScriptBuildPhase;
			buildActionMask = 2147483647;
			files = (
			);
			inputFileListPaths = (
			);
			inputPaths = (
				"$TEMP_DIR/rswift-lastrun",
			);
			outputFileListPaths = (
			);
			outputPaths = (
				$SRCROOT/R.generated.swift,
			);
			runOnlyForDeploymentPostprocessing = 0;
			shellPath = /bin/sh;
			shellScript = "\"$PODS_ROOT/R.swift/rswift\" generate \"$SRCROOT/R.generated.swift\"\n";
		};
		D5165A3E0A530DE14E33B9DB /* [CP] Embed Pods Frameworks */ = {
			isa = PBXShellScriptBuildPhase;
			buildActionMask = 2147483647;
			files = (
			);
			inputFileListPaths = (
				"${PODS_ROOT}/Target Support Files/Pods-GetBetter/Pods-GetBetter-frameworks-${CONFIGURATION}-input-files.xcfilelist",
			);
			name = "[CP] Embed Pods Frameworks";
			outputFileListPaths = (
				"${PODS_ROOT}/Target Support Files/Pods-GetBetter/Pods-GetBetter-frameworks-${CONFIGURATION}-output-files.xcfilelist",
			);
			runOnlyForDeploymentPostprocessing = 0;
			shellPath = /bin/sh;
			shellScript = "\"${PODS_ROOT}/Target Support Files/Pods-GetBetter/Pods-GetBetter-frameworks.sh\"\n";
			showEnvVarsInLog = 0;
		};
		DE507958CFD4E392624AEA78 /* [CP] Check Pods Manifest.lock */ = {
			isa = PBXShellScriptBuildPhase;
			buildActionMask = 2147483647;
			files = (
			);
			inputFileListPaths = (
			);
			inputPaths = (
				"${PODS_PODFILE_DIR_PATH}/Podfile.lock",
				"${PODS_ROOT}/Manifest.lock",
			);
			name = "[CP] Check Pods Manifest.lock";
			outputFileListPaths = (
			);
			outputPaths = (
				"$(DERIVED_FILE_DIR)/Pods-GetBetter-checkManifestLockResult.txt",
			);
			runOnlyForDeploymentPostprocessing = 0;
			shellPath = /bin/sh;
			shellScript = "diff \"${PODS_PODFILE_DIR_PATH}/Podfile.lock\" \"${PODS_ROOT}/Manifest.lock\" > /dev/null\nif [ $? != 0 ] ; then\n    # print error to STDERR\n    echo \"error: The sandbox is not in sync with the Podfile.lock. Run 'pod install' or update your CocoaPods installation.\" >&2\n    exit 1\nfi\n# This output is used by Xcode 'outputs' to avoid re-running this script phase.\necho \"SUCCESS\" > \"${SCRIPT_OUTPUT_FILE_0}\"\n";
			showEnvVarsInLog = 0;
		};
/* End PBXShellScriptBuildPhase section */

/* Begin PBXSourcesBuildPhase section */
		9277D380238C725200B3AECA /* Sources */ = {
			isa = PBXSourcesBuildPhase;
			buildActionMask = 2147483647;
			files = (
				C31FF9792452CC8D00642C7B /* ArticleViewController.swift in Sources */,
				C32D4CE123D0F3FC00AD9863 /* GlobalDefinitions.swift in Sources */,
				6E7071F3245C474D00ED7D08 /* SphereValue.swift in Sources */,
				C33B344D247BAE74008EA2D1 /* UITextView.swift in Sources */,
				C3C9DD8724B843B3003C83BD /* String.swift in Sources */,
				C34B14E924475ED000B58B18 /* FormValidator.swift in Sources */,
				C392971F247FAE04000340DC /* PostMapper.swift in Sources */,
				C39FD71C24499E7700F96307 /* NotificationName.swift in Sources */,
				C3ED5A2623AFBECF00C7A492 /* JournalViewController.swift in Sources */,
				C39A321F245710BC005D2EDF /* SettingsViewController.swift in Sources */,
				C35B38B12462E1E700E0C416 /* UIImage.swift in Sources */,
				C3D4AA9024ADC72800F1BAD8 /* UIImageView.swift in Sources */,
				C3B4760524596BCB0067A3C0 /* Profile.swift in Sources */,
				C396E23E246AC8E200DBF0E4 /* AchievementViewModel.swift in Sources */,
				6E9E01BD245464360083499E /* SphereMetrics.swift in Sources */,
				C37AECC4244F002C0080CCAC /* EditProfileViewController.swift in Sources */,
				C3A1058F23AC045D008F5F9B /* Color.swift in Sources */,
				C35750D424507E7B00BA7006 /* PostDetailViewController.swift in Sources */,
				C3B4760324596BAD0067A3C0 /* CommonSettingsCell.swift in Sources */,
				6EA85197244F691700D40E14 /* Sphere.swift in Sources */,
				6E045E992463E8B40001E378 /* AchievementsTableViewCell.swift in Sources */,
				C3C66AF224582B5000D3964D /* ProfileTableViewCell.swift in Sources */,
				C36F66482449BE0000293246 /* UIViewController.swift in Sources */,
				C33B3451247C111F008EA2D1 /* NSAttributedString.swift in Sources */,
				6E711E8C24685BE00068FD8C /* SphereDetailViewController.swift in Sources */,
				C328EE052447294100445704 /* RegisterViewController.swift in Sources */,
				6E5AE64624601DD200418B23 /* ResetPasswordViewController.swift in Sources */,
				C3087ADA245AD36C00DDE7A7 /* SphereMetricsTableViewCell.swift in Sources */,
				C33B3453247C137A008EA2D1 /* UIFont.swift in Sources */,
				6E045E9B24640A6B0001E378 /* Achievement.swift in Sources */,
				C30C7A0F247E8DC400FD830F /* ConnectionHelper.swift in Sources */,
				9277D388238C725200B3AECA /* AppDelegate.swift in Sources */,
				C317E571247D6559001521FE /* NoInternetViewController.swift in Sources */,
				C3BFEBC82477F5A4000B5B41 /* R.generated.swift in Sources */,
				C3BFEBC52477E85F000B5B41 /* SettingsViewModel.swift in Sources */,
				C33AD1DF2451AE9B00A08006 /* OnboardingPageViewController.swift in Sources */,
				C35B38AF2462D57500E0C416 /* Photo.swift in Sources */,
				6E6A217A2466C6FB00D8AC68 /* Atricle.swift in Sources */,
				C36D8454239BF322004FEFD5 /* TabBarController.swift in Sources */,
				6EA8519B244F827A00D40E14 /* Post.swift in Sources */,
				C3ED5A3223AFBF6600C7A492 /* AddPostViewController.swift in Sources */,
				C39423D824404E8E0060CF50 /* AuthViewController.swift in Sources */,
				C396E23C246AC71E00DBF0E4 /* Double.swift in Sources */,
				6ED5FF16245207AC00792B1F /* WelcomeViewController.swift in Sources */,
				C36DE9C3246E7F58005635E4 /* StorageService.swift in Sources */,
				6EA8519E244F86FA00D40E14 /* JournalTableViewCell.swift in Sources */,
				C3E7EB7423C710BB0045B70A /* RootManager.swift in Sources */,
				C36F66462449AC3C00293246 /* KeychainHelper.swift in Sources */,
				C36DE9C1246E7F3F005635E4 /* DatabaseService.swift in Sources */,
				6E5684102451AB1F009FBE13 /* SetupSphereValueViewController.swift in Sources */,
				C3C873D12436033400931E9B /* AppError.swift in Sources */,
				C37D0B3E23D79088005A1BCF /* Label.swift in Sources */,
				6EA85199244F7E8F00D40E14 /* Date.swift in Sources */,
				C309ACB124655CE3007DF0DC /* PostsDateSection.swift in Sources */,
				C3ED5A2A23AFBF1300C7A492 /* LifeCircleViewController.swift in Sources */,
				F1495A2BAA0794DBE208648C /* UIView+Message.swift in Sources */,
				F149571D8D5ACCC62F0EB363 /* CGRect.swift in Sources */,
				F14956A71011DCD683455A19 /* AlertService.swift in Sources */,
				F1495B3E0B748EEF6DED3C8E /* PopUpView.swift in Sources */,
				F1495FF62886FDCD42C6E1A0 /* AppAlertService.swift in Sources */,
				F14951F2B74F664679F89A1B /* FirebaseDatabaseService.swift in Sources */,
				F149598D7787CB41EDB3EA16 /* FirebaseStorageService.swift in Sources */,
			);
			runOnlyForDeploymentPostprocessing = 0;
		};
/* End PBXSourcesBuildPhase section */

/* Begin PBXVariantGroup section */
		9277D390238C725300B3AECA /* LaunchScreen.storyboard */ = {
			isa = PBXVariantGroup;
			children = (
				9277D391238C725300B3AECA /* Base */,
			);
			name = LaunchScreen.storyboard;
			sourceTree = "<group>";
		};
/* End PBXVariantGroup section */

/* Begin XCBuildConfiguration section */
		9277D394238C725300B3AECA /* Debug */ = {
			isa = XCBuildConfiguration;
			buildSettings = {
				ALWAYS_SEARCH_USER_PATHS = NO;
				CLANG_ANALYZER_NONNULL = YES;
				CLANG_ANALYZER_NUMBER_OBJECT_CONVERSION = YES_AGGRESSIVE;
				CLANG_CXX_LANGUAGE_STANDARD = "gnu++14";
				CLANG_CXX_LIBRARY = "libc++";
				CLANG_ENABLE_MODULES = YES;
				CLANG_ENABLE_OBJC_ARC = YES;
				CLANG_ENABLE_OBJC_WEAK = YES;
				CLANG_WARN_BLOCK_CAPTURE_AUTORELEASING = YES;
				CLANG_WARN_BOOL_CONVERSION = YES;
				CLANG_WARN_COMMA = YES;
				CLANG_WARN_CONSTANT_CONVERSION = YES;
				CLANG_WARN_DEPRECATED_OBJC_IMPLEMENTATIONS = YES;
				CLANG_WARN_DIRECT_OBJC_ISA_USAGE = YES_ERROR;
				CLANG_WARN_DOCUMENTATION_COMMENTS = YES;
				CLANG_WARN_EMPTY_BODY = YES;
				CLANG_WARN_ENUM_CONVERSION = YES;
				CLANG_WARN_INFINITE_RECURSION = YES;
				CLANG_WARN_INT_CONVERSION = YES;
				CLANG_WARN_NON_LITERAL_NULL_CONVERSION = YES;
				CLANG_WARN_OBJC_IMPLICIT_RETAIN_SELF = YES;
				CLANG_WARN_OBJC_LITERAL_CONVERSION = YES;
				CLANG_WARN_OBJC_ROOT_CLASS = YES_ERROR;
				CLANG_WARN_RANGE_LOOP_ANALYSIS = YES;
				CLANG_WARN_STRICT_PROTOTYPES = YES;
				CLANG_WARN_SUSPICIOUS_MOVE = YES;
				CLANG_WARN_UNGUARDED_AVAILABILITY = YES_AGGRESSIVE;
				CLANG_WARN_UNREACHABLE_CODE = YES;
				CLANG_WARN__DUPLICATE_METHOD_MATCH = YES;
				CODE_SIGN_IDENTITY = "iPhone Developer";
				COPY_PHASE_STRIP = NO;
				DEBUG_INFORMATION_FORMAT = dwarf;
				ENABLE_STRICT_OBJC_MSGSEND = YES;
				ENABLE_TESTABILITY = YES;
				GCC_C_LANGUAGE_STANDARD = gnu11;
				GCC_DYNAMIC_NO_PIC = NO;
				GCC_NO_COMMON_BLOCKS = YES;
				GCC_OPTIMIZATION_LEVEL = 0;
				GCC_PREPROCESSOR_DEFINITIONS = (
					"DEBUG=1",
					"$(inherited)",
				);
				GCC_WARN_64_TO_32_BIT_CONVERSION = YES;
				GCC_WARN_ABOUT_RETURN_TYPE = YES_ERROR;
				GCC_WARN_UNDECLARED_SELECTOR = YES;
				GCC_WARN_UNINITIALIZED_AUTOS = YES_AGGRESSIVE;
				GCC_WARN_UNUSED_FUNCTION = YES;
				GCC_WARN_UNUSED_VARIABLE = YES;
				IPHONEOS_DEPLOYMENT_TARGET = 11.0;
				MTL_ENABLE_DEBUG_INFO = INCLUDE_SOURCE;
				MTL_FAST_MATH = YES;
				ONLY_ACTIVE_ARCH = YES;
				SDKROOT = iphoneos;
				SWIFT_ACTIVE_COMPILATION_CONDITIONS = DEBUG;
				SWIFT_OPTIMIZATION_LEVEL = "-Onone";
			};
			name = Debug;
		};
		9277D395238C725300B3AECA /* Release */ = {
			isa = XCBuildConfiguration;
			buildSettings = {
				ALWAYS_SEARCH_USER_PATHS = NO;
				CLANG_ANALYZER_NONNULL = YES;
				CLANG_ANALYZER_NUMBER_OBJECT_CONVERSION = YES_AGGRESSIVE;
				CLANG_CXX_LANGUAGE_STANDARD = "gnu++14";
				CLANG_CXX_LIBRARY = "libc++";
				CLANG_ENABLE_MODULES = YES;
				CLANG_ENABLE_OBJC_ARC = YES;
				CLANG_ENABLE_OBJC_WEAK = YES;
				CLANG_WARN_BLOCK_CAPTURE_AUTORELEASING = YES;
				CLANG_WARN_BOOL_CONVERSION = YES;
				CLANG_WARN_COMMA = YES;
				CLANG_WARN_CONSTANT_CONVERSION = YES;
				CLANG_WARN_DEPRECATED_OBJC_IMPLEMENTATIONS = YES;
				CLANG_WARN_DIRECT_OBJC_ISA_USAGE = YES_ERROR;
				CLANG_WARN_DOCUMENTATION_COMMENTS = YES;
				CLANG_WARN_EMPTY_BODY = YES;
				CLANG_WARN_ENUM_CONVERSION = YES;
				CLANG_WARN_INFINITE_RECURSION = YES;
				CLANG_WARN_INT_CONVERSION = YES;
				CLANG_WARN_NON_LITERAL_NULL_CONVERSION = YES;
				CLANG_WARN_OBJC_IMPLICIT_RETAIN_SELF = YES;
				CLANG_WARN_OBJC_LITERAL_CONVERSION = YES;
				CLANG_WARN_OBJC_ROOT_CLASS = YES_ERROR;
				CLANG_WARN_RANGE_LOOP_ANALYSIS = YES;
				CLANG_WARN_STRICT_PROTOTYPES = YES;
				CLANG_WARN_SUSPICIOUS_MOVE = YES;
				CLANG_WARN_UNGUARDED_AVAILABILITY = YES_AGGRESSIVE;
				CLANG_WARN_UNREACHABLE_CODE = YES;
				CLANG_WARN__DUPLICATE_METHOD_MATCH = YES;
				CODE_SIGN_IDENTITY = "iPhone Developer";
				COPY_PHASE_STRIP = NO;
				DEBUG_INFORMATION_FORMAT = "dwarf-with-dsym";
				ENABLE_NS_ASSERTIONS = NO;
				ENABLE_STRICT_OBJC_MSGSEND = YES;
				GCC_C_LANGUAGE_STANDARD = gnu11;
				GCC_NO_COMMON_BLOCKS = YES;
				GCC_WARN_64_TO_32_BIT_CONVERSION = YES;
				GCC_WARN_ABOUT_RETURN_TYPE = YES_ERROR;
				GCC_WARN_UNDECLARED_SELECTOR = YES;
				GCC_WARN_UNINITIALIZED_AUTOS = YES_AGGRESSIVE;
				GCC_WARN_UNUSED_FUNCTION = YES;
				GCC_WARN_UNUSED_VARIABLE = YES;
				IPHONEOS_DEPLOYMENT_TARGET = 11.0;
				MTL_ENABLE_DEBUG_INFO = NO;
				MTL_FAST_MATH = YES;
				SDKROOT = iphoneos;
				SWIFT_COMPILATION_MODE = wholemodule;
				SWIFT_OPTIMIZATION_LEVEL = "-O";
				VALIDATE_PRODUCT = YES;
			};
			name = Release;
		};
		9277D397238C725300B3AECA /* Debug */ = {
			isa = XCBuildConfiguration;
			baseConfigurationReference = 8365CE35C6D2B5A56AAEC7F5 /* Pods-GetBetter.debug.xcconfig */;
			buildSettings = {
				ASSETCATALOG_COMPILER_APPICON_NAME = AppIcon;
				CODE_SIGN_ENTITLEMENTS = GetBetter.entitlements;
				CODE_SIGN_IDENTITY = "Apple Development";
				CODE_SIGN_STYLE = Automatic;
				CURRENT_PROJECT_VERSION = 1;
				DEVELOPMENT_TEAM = 3RF6BSH4ZX;
				INFOPLIST_FILE = "$(SRCROOT)/Classes/Resources/Info.plist";
				IPHONEOS_DEPLOYMENT_TARGET = 11.0;
				LD_RUNPATH_SEARCH_PATHS = (
					"$(inherited)",
					"@executable_path/Frameworks",
				);
				MARKETING_VERSION = 1.0.1;
				PRODUCT_BUNDLE_IDENTIFIER = com.stoletnaedine.GetBetter;
				PRODUCT_NAME = "$(TARGET_NAME)";
				PROVISIONING_PROFILE_SPECIFIER = "";
				SWIFT_VERSION = 5.0;
				TARGETED_DEVICE_FAMILY = 1;
			};
			name = Debug;
		};
		9277D398238C725300B3AECA /* Release */ = {
			isa = XCBuildConfiguration;
			baseConfigurationReference = 7583E478DC58EA23326CAB44 /* Pods-GetBetter.release.xcconfig */;
			buildSettings = {
				ASSETCATALOG_COMPILER_APPICON_NAME = AppIcon;
				CODE_SIGN_ENTITLEMENTS = GetBetter.entitlements;
				CODE_SIGN_IDENTITY = "Apple Development";
				CODE_SIGN_STYLE = Automatic;
				CURRENT_PROJECT_VERSION = 1;
				DEVELOPMENT_TEAM = 3RF6BSH4ZX;
				INFOPLIST_FILE = "$(SRCROOT)/Classes/Resources/Info.plist";
				IPHONEOS_DEPLOYMENT_TARGET = 11.0;
				LD_RUNPATH_SEARCH_PATHS = (
					"$(inherited)",
					"@executable_path/Frameworks",
				);
				MARKETING_VERSION = 1.0.1;
				PRODUCT_BUNDLE_IDENTIFIER = com.stoletnaedine.GetBetter;
				PRODUCT_NAME = "$(TARGET_NAME)";
				PROVISIONING_PROFILE_SPECIFIER = "";
				SWIFT_VERSION = 5.0;
				TARGETED_DEVICE_FAMILY = 1;
			};
			name = Release;
		};
/* End XCBuildConfiguration section */

/* Begin XCConfigurationList section */
		9277D37F238C725200B3AECA /* Build configuration list for PBXProject "GetBetter" */ = {
			isa = XCConfigurationList;
			buildConfigurations = (
				9277D394238C725300B3AECA /* Debug */,
				9277D395238C725300B3AECA /* Release */,
			);
			defaultConfigurationIsVisible = 0;
			defaultConfigurationName = Release;
		};
		9277D396238C725300B3AECA /* Build configuration list for PBXNativeTarget "GetBetter" */ = {
			isa = XCConfigurationList;
			buildConfigurations = (
				9277D397238C725300B3AECA /* Debug */,
				9277D398238C725300B3AECA /* Release */,
			);
			defaultConfigurationIsVisible = 0;
			defaultConfigurationName = Release;
		};
/* End XCConfigurationList section */
	};
	rootObject = 9277D37C238C725200B3AECA /* Project object */;
}
