// !$*UTF8*$!
{
	archiveVersion = 1;
	classes = {
	};
	objectVersion = 51;
	objects = {

/* Begin PBXBuildFile section */
		6E045E9B24640A6B0001E378 /* Achievement.swift in Sources */ = {isa = PBXBuildFile; fileRef = 6E045E9A24640A6A0001E378 /* Achievement.swift */; };
		6E5AE64424601DBC00418B23 /* ResetPasswordViewController.xib in Resources */ = {isa = PBXBuildFile; fileRef = 6E5AE64324601DBC00418B23 /* ResetPasswordViewController.xib */; };
		6E5AE64624601DD200418B23 /* ResetPasswordViewController.swift in Sources */ = {isa = PBXBuildFile; fileRef = 6E5AE64524601DD200418B23 /* ResetPasswordViewController.swift */; };
		6E6A217A2466C6FB00D8AC68 /* Article.swift in Sources */ = {isa = PBXBuildFile; fileRef = 6E6A21792466C6FB00D8AC68 /* Article.swift */; };
		6E7071F3245C474D00ED7D08 /* SphereValue.swift in Sources */ = {isa = PBXBuildFile; fileRef = 6E7071F2245C474D00ED7D08 /* SphereValue.swift */; };
		6E9E01BD245464360083499E /* SphereMetrics.swift in Sources */ = {isa = PBXBuildFile; fileRef = 6E9E01BC245464360083499E /* SphereMetrics.swift */; };
		6EA85197244F691700D40E14 /* Sphere.swift in Sources */ = {isa = PBXBuildFile; fileRef = 6EA85196244F691700D40E14 /* Sphere.swift */; };
		6EA85199244F7E8F00D40E14 /* Date.swift in Sources */ = {isa = PBXBuildFile; fileRef = 6EA85198244F7E8F00D40E14 /* Date.swift */; };
		6EA8519B244F827A00D40E14 /* Post.swift in Sources */ = {isa = PBXBuildFile; fileRef = 6EA8519A244F827A00D40E14 /* Post.swift */; };
		6EA8519E244F86FA00D40E14 /* JournalTableViewCell.swift in Sources */ = {isa = PBXBuildFile; fileRef = 6EA8519C244F86FA00D40E14 /* JournalTableViewCell.swift */; };
		6EA8519F244F86FA00D40E14 /* JournalTableViewCell.xib in Resources */ = {isa = PBXBuildFile; fileRef = 6EA8519D244F86FA00D40E14 /* JournalTableViewCell.xib */; };
		9277D388238C725200B3AECA /* AppDelegate.swift in Sources */ = {isa = PBXBuildFile; fileRef = 9277D387238C725200B3AECA /* AppDelegate.swift */; };
		9277D38F238C725300B3AECA /* Assets.xcassets in Resources */ = {isa = PBXBuildFile; fileRef = 9277D38E238C725300B3AECA /* Assets.xcassets */; };
		9277D392238C725300B3AECA /* LaunchScreen.storyboard in Resources */ = {isa = PBXBuildFile; fileRef = 9277D390238C725300B3AECA /* LaunchScreen.storyboard */; };
		9E79D9ADDB6CABE947ACB572 /* Pods_GetBetter.framework in Frameworks */ = {isa = PBXBuildFile; fileRef = 0C23186A6E3BCD55A9D0666A /* Pods_GetBetter.framework */; };
		C30350AC25C53B4D003B13BD /* DifficultyLevel.swift in Sources */ = {isa = PBXBuildFile; fileRef = C30350AB25C53B4D003B13BD /* DifficultyLevel.swift */; };
		C30350B325C53CED003B13BD /* TitleSubtitleCell.swift in Sources */ = {isa = PBXBuildFile; fileRef = C30350B125C53CED003B13BD /* TitleSubtitleCell.swift */; };
		C30350B425C53CED003B13BD /* TitleSubtitleCell.xib in Resources */ = {isa = PBXBuildFile; fileRef = C30350B225C53CED003B13BD /* TitleSubtitleCell.xib */; };
		C30350BA25C53E32003B13BD /* TitleSubtitleCellViewModel.swift in Sources */ = {isa = PBXBuildFile; fileRef = C30350B925C53E32003B13BD /* TitleSubtitleCellViewModel.swift */; };
		C30C7A0F247E8DC400FD830F /* ConnectionHelper.swift in Sources */ = {isa = PBXBuildFile; fileRef = C30C7A0E247E8DC400FD830F /* ConnectionHelper.swift */; };
		C30FEE482553045F00CC84B9 /* UIView+Screenshot.swift in Sources */ = {isa = PBXBuildFile; fileRef = C30FEE472553045F00CC84B9 /* UIView+Screenshot.swift */; };
		C30FEE4D2553C6AA00CC84B9 /* TipsTableViewController.swift in Sources */ = {isa = PBXBuildFile; fileRef = C30FEE4C2553C6AA00CC84B9 /* TipsTableViewController.swift */; };
		C317E571247D6559001521FE /* NoInternetViewController.swift in Sources */ = {isa = PBXBuildFile; fileRef = C317E56F247D6559001521FE /* NoInternetViewController.swift */; };
		C317E572247D6559001521FE /* NoInternetViewController.xib in Resources */ = {isa = PBXBuildFile; fileRef = C317E570247D6559001521FE /* NoInternetViewController.xib */; };
		C328EE052447294100445704 /* RegisterViewController.swift in Sources */ = {isa = PBXBuildFile; fileRef = C328EE032447294100445704 /* RegisterViewController.swift */; };
		C328EE062447294100445704 /* RegisterViewController.xib in Resources */ = {isa = PBXBuildFile; fileRef = C328EE042447294100445704 /* RegisterViewController.xib */; };
		C32D4CE123D0F3FC00AD9863 /* Properties.swift in Sources */ = {isa = PBXBuildFile; fileRef = C32D4CE023D0F3FC00AD9863 /* Properties.swift */; };
		C32EA81C25043007009F6D52 /* CommonMetricsTableViewCell.swift in Sources */ = {isa = PBXBuildFile; fileRef = C32EA81A25043006009F6D52 /* CommonMetricsTableViewCell.swift */; };
		C32EA81D25043007009F6D52 /* CommonMetricsTableViewCell.xib in Resources */ = {isa = PBXBuildFile; fileRef = C32EA81B25043006009F6D52 /* CommonMetricsTableViewCell.xib */; };
		C33722AA254EB5C200191785 /* JournalSection.swift in Sources */ = {isa = PBXBuildFile; fileRef = C33722A9254EB5C200191785 /* JournalSection.swift */; };
		C33722AD254EB9BC00191785 /* VoidClosure.swift in Sources */ = {isa = PBXBuildFile; fileRef = C33722AC254EB9BC00191785 /* VoidClosure.swift */; };
		C33722B4254EEA2800191785 /* TipStorage.swift in Sources */ = {isa = PBXBuildFile; fileRef = C33722B3254EEA2800191785 /* TipStorage.swift */; };
		C33B344D247BAE74008EA2D1 /* UITextView.swift in Sources */ = {isa = PBXBuildFile; fileRef = C33B344C247BAE74008EA2D1 /* UITextView.swift */; };
		C33B3451247C111F008EA2D1 /* NSAttributedString.swift in Sources */ = {isa = PBXBuildFile; fileRef = C33B3450247C111F008EA2D1 /* NSAttributedString.swift */; };
		C33B3453247C137A008EA2D1 /* UIFont.swift in Sources */ = {isa = PBXBuildFile; fileRef = C33B3452247C137A008EA2D1 /* UIFont.swift */; };
		C34434F824CEBD880045F1BD /* CancelButton.swift in Sources */ = {isa = PBXBuildFile; fileRef = C34434F724CEBD880045F1BD /* CancelButton.swift */; };
		C3452B5724BE17BD00C973B1 /* UIButton.swift in Sources */ = {isa = PBXBuildFile; fileRef = C3452B5624BE17BD00C973B1 /* UIButton.swift */; };
		C34B14E924475ED000B58B18 /* FormValidator.swift in Sources */ = {isa = PBXBuildFile; fileRef = C34B14E824475ED000B58B18 /* FormValidator.swift */; };
		C35750D424507E7B00BA7006 /* PostDetailViewController.swift in Sources */ = {isa = PBXBuildFile; fileRef = C35750D224507E7B00BA7006 /* PostDetailViewController.swift */; };
		C35750D524507E7B00BA7006 /* PostDetailViewController.xib in Resources */ = {isa = PBXBuildFile; fileRef = C35750D324507E7B00BA7006 /* PostDetailViewController.xib */; };
		C35B38AF2462D57500E0C416 /* Photo.swift in Sources */ = {isa = PBXBuildFile; fileRef = C35B38AE2462D57500E0C416 /* Photo.swift */; };
		C35B38B12462E1E700E0C416 /* UIImage.swift in Sources */ = {isa = PBXBuildFile; fileRef = C35B38B02462E1E700E0C416 /* UIImage.swift */; };
		C35CC98E25A9BBE100A9AA59 /* PushNotificationCell.swift in Sources */ = {isa = PBXBuildFile; fileRef = C35CC98C25A9BBE100A9AA59 /* PushNotificationCell.swift */; };
		C35CC98F25A9BBE100A9AA59 /* PushNotificationCell.xib in Resources */ = {isa = PBXBuildFile; fileRef = C35CC98D25A9BBE100A9AA59 /* PushNotificationCell.xib */; };
		C35CC99225A9BDF900A9AA59 /* PushNotificationModel.swift in Sources */ = {isa = PBXBuildFile; fileRef = C35CC99125A9BDF900A9AA59 /* PushNotificationModel.swift */; };
		C35D8361250D40E5000C565E /* TipViewController.swift in Sources */ = {isa = PBXBuildFile; fileRef = C35D835F250D40E5000C565E /* TipViewController.swift */; };
		C35D8362250D40E5000C565E /* TipViewController.xib in Resources */ = {isa = PBXBuildFile; fileRef = C35D8360250D40E5000C565E /* TipViewController.xib */; };
		C35D83732511D88B000C565E /* UserSettingsService.swift in Sources */ = {isa = PBXBuildFile; fileRef = C35D83722511D88B000C565E /* UserSettingsService.swift */; };
		C35EBD93244DE870004593CC /* GoogleService-Info.plist in Resources */ = {isa = PBXBuildFile; fileRef = C35EBD92244DE870004593CC /* GoogleService-Info.plist */; };
		C3635183257B809900DA6713 /* SphereMetricsService.swift in Sources */ = {isa = PBXBuildFile; fileRef = C3635182257B809900DA6713 /* SphereMetricsService.swift */; };
		C3635188257CD7B700DA6713 /* NotificationSettings.swift in Sources */ = {isa = PBXBuildFile; fileRef = C3635187257CD7B700DA6713 /* NotificationSettings.swift */; };
		C36351CE257D336300DA6713 /* NotificationCell.swift in Sources */ = {isa = PBXBuildFile; fileRef = C36351CC257D336300DA6713 /* NotificationCell.swift */; };
		C36351CF257D336300DA6713 /* NotificationCell.xib in Resources */ = {isa = PBXBuildFile; fileRef = C36351CD257D336300DA6713 /* NotificationCell.xib */; };
		C36351D3257D353600DA6713 /* NotificationCellViewModel.swift in Sources */ = {isa = PBXBuildFile; fileRef = C36351D2257D353600DA6713 /* NotificationCellViewModel.swift */; };
		C36D8454239BF322004FEFD5 /* TabBarController.swift in Sources */ = {isa = PBXBuildFile; fileRef = C36D8453239BF322004FEFD5 /* TabBarController.swift */; };
		C36F66462449AC3C00293246 /* KeychainHelper.swift in Sources */ = {isa = PBXBuildFile; fileRef = C36F66452449AC3C00293246 /* KeychainHelper.swift */; };
		C36F66482449BE0000293246 /* UIViewController.swift in Sources */ = {isa = PBXBuildFile; fileRef = C36F66472449BE0000293246 /* UIViewController.swift */; };
		C37D0B3E23D79088005A1BCF /* Label.swift in Sources */ = {isa = PBXBuildFile; fileRef = C37D0B3D23D79088005A1BCF /* Label.swift */; };
		C3813FFE24D92F7000A3C6AA /* LifeCircleService.swift in Sources */ = {isa = PBXBuildFile; fileRef = C3813FFD24D92F7000A3C6AA /* LifeCircleService.swift */; };
		C381400024D9396E00A3C6AA /* Collection+Extension.swift in Sources */ = {isa = PBXBuildFile; fileRef = C3813FFF24D9396E00A3C6AA /* Collection+Extension.swift */; };
		C38157AC2556B2BD0005C16E /* 37723-confetti-partyyy.json in Resources */ = {isa = PBXBuildFile; fileRef = C38157AB2556B2BD0005C16E /* 37723-confetti-partyyy.json */; };
		C381582B2556BEBD0005C16E /* 35255-from-loading-to-success.json in Resources */ = {isa = PBXBuildFile; fileRef = C38158272556BEBD0005C16E /* 35255-from-loading-to-success.json */; };
		C381582C2556BEBD0005C16E /* 15046-spark-animation.json in Resources */ = {isa = PBXBuildFile; fileRef = C38158282556BEBD0005C16E /* 15046-spark-animation.json */; };
		C381582D2556BEBD0005C16E /* 28592-yoga-nature.json in Resources */ = {isa = PBXBuildFile; fileRef = C38158292556BEBD0005C16E /* 28592-yoga-nature.json */; };
		C381582E2556BEBD0005C16E /* 35256-from-loading-to-error.json in Resources */ = {isa = PBXBuildFile; fileRef = C381582A2556BEBD0005C16E /* 35256-from-loading-to-error.json */; };
		C38158312556C28E0005C16E /* AnimationName.swift in Sources */ = {isa = PBXBuildFile; fileRef = C38158302556C28E0005C16E /* AnimationName.swift */; };
		C38689EB2520FE9500BE9851 /* EditPostViewController.swift in Sources */ = {isa = PBXBuildFile; fileRef = C38689EA2520FE9500BE9851 /* EditPostViewController.swift */; };
		C38689ED2521054300BE9851 /* EditPostViewController.xib in Resources */ = {isa = PBXBuildFile; fileRef = C38689EC2521054300BE9851 /* EditPostViewController.xib */; };
		C389466725A84BAF00FEF40C /* PushNotificationsViewController.swift in Sources */ = {isa = PBXBuildFile; fileRef = C389466625A84BAF00FEF40C /* PushNotificationsViewController.swift */; };
		C390A75F24C0CFC900EAD48E /* TextViewViewController.swift in Sources */ = {isa = PBXBuildFile; fileRef = C390A75D24C0CFC900EAD48E /* TextViewViewController.swift */; };
		C390A76024C0CFC900EAD48E /* TextViewViewController.xib in Resources */ = {isa = PBXBuildFile; fileRef = C390A75E24C0CFC900EAD48E /* TextViewViewController.xib */; };
		C392971F247FAE04000340DC /* PostMapper.swift in Sources */ = {isa = PBXBuildFile; fileRef = C392971E247FAE04000340DC /* PostMapper.swift */; };
		C39423D824404E8E0060CF50 /* AuthViewController.swift in Sources */ = {isa = PBXBuildFile; fileRef = C39423D624404E8E0060CF50 /* AuthViewController.swift */; };
		C39423D924404E8E0060CF50 /* AuthViewController.xib in Resources */ = {isa = PBXBuildFile; fileRef = C39423D724404E8E0060CF50 /* AuthViewController.xib */; };
		C396E23C246AC71E00DBF0E4 /* Double.swift in Sources */ = {isa = PBXBuildFile; fileRef = C396E23B246AC71E00DBF0E4 /* Double.swift */; };
		C396E23E246AC8E200DBF0E4 /* AchievementService.swift in Sources */ = {isa = PBXBuildFile; fileRef = C396E23D246AC8E200DBF0E4 /* AchievementService.swift */; };
		C39A321F245710BC005D2EDF /* SettingsViewController.swift in Sources */ = {isa = PBXBuildFile; fileRef = C39A321D245710BC005D2EDF /* SettingsViewController.swift */; };
		C39A3220245710BC005D2EDF /* SettingsViewController.xib in Resources */ = {isa = PBXBuildFile; fileRef = C39A321E245710BC005D2EDF /* SettingsViewController.xib */; };
		C39EF07A258738010090BC35 /* 24118-japan-flow.json in Resources */ = {isa = PBXBuildFile; fileRef = C39EF079258738010090BC35 /* 24118-japan-flow.json */; };
		C39FD71C24499E7700F96307 /* NotificationName.swift in Sources */ = {isa = PBXBuildFile; fileRef = C39FD71B24499E7700F96307 /* NotificationName.swift */; };
		C3A1058F23AC045D008F5F9B /* Color.swift in Sources */ = {isa = PBXBuildFile; fileRef = C3A1058E23AC045D008F5F9B /* Color.swift */; };
		C3B4760324596BAD0067A3C0 /* SettingsCellViewModel.swift in Sources */ = {isa = PBXBuildFile; fileRef = C3B4760224596BAD0067A3C0 /* SettingsCellViewModel.swift */; };
		C3B4760524596BCB0067A3C0 /* Profile.swift in Sources */ = {isa = PBXBuildFile; fileRef = C3B4760424596BCB0067A3C0 /* Profile.swift */; };
		C3B5CC8C2544325B00E55B82 /* AchievementsViewController.swift in Sources */ = {isa = PBXBuildFile; fileRef = C3B5CC8B2544325B00E55B82 /* AchievementsViewController.swift */; };
		C3BFEBC52477E85F000B5B41 /* NotificationService.swift in Sources */ = {isa = PBXBuildFile; fileRef = C3BFEBC42477E85F000B5B41 /* NotificationService.swift */; };
		C3BFEBC82477F5A4000B5B41 /* R.generated.swift in Sources */ = {isa = PBXBuildFile; fileRef = C3BFEBC72477F5A3000B5B41 /* R.generated.swift */; };
		C3BFEBCC2477F93E000B5B41 /* Localizable.strings in Resources */ = {isa = PBXBuildFile; fileRef = C3BFEBCB2477F93E000B5B41 /* Localizable.strings */; };
		C3C873D12436033400931E9B /* AppError.swift in Sources */ = {isa = PBXBuildFile; fileRef = C3C873D02436033400931E9B /* AppError.swift */; };
		C3C9DD8724B843B3003C83BD /* String.swift in Sources */ = {isa = PBXBuildFile; fileRef = C3C9DD8624B843B3003C83BD /* String.swift */; };
		C3D4AA9024ADC72800F1BAD8 /* UIImageView.swift in Sources */ = {isa = PBXBuildFile; fileRef = C3D4AA8F24ADC72800F1BAD8 /* UIImageView.swift */; };
		C3D69D7825850E9900BC64C9 /* 19904-ski-touring-backcountry-skiing.json in Resources */ = {isa = PBXBuildFile; fileRef = C3D69D7725850E9900BC64C9 /* 19904-ski-touring-backcountry-skiing.json */; };
		C3E7EB7423C710BB0045B70A /* RootManager.swift in Sources */ = {isa = PBXBuildFile; fileRef = C3E7EB7323C710BB0045B70A /* RootManager.swift */; };
		C3ED5A2623AFBECF00C7A492 /* JournalViewController.swift in Sources */ = {isa = PBXBuildFile; fileRef = C3ED5A2423AFBECF00C7A492 /* JournalViewController.swift */; };
		C3ED5A2723AFBECF00C7A492 /* JournalViewController.xib in Resources */ = {isa = PBXBuildFile; fileRef = C3ED5A2523AFBECF00C7A492 /* JournalViewController.xib */; };
		C3ED5A2A23AFBF1300C7A492 /* LifeCircleViewController.swift in Sources */ = {isa = PBXBuildFile; fileRef = C3ED5A2823AFBF1300C7A492 /* LifeCircleViewController.swift */; };
		C3ED5A2B23AFBF1300C7A492 /* LifeCircleViewController.xib in Resources */ = {isa = PBXBuildFile; fileRef = C3ED5A2923AFBF1300C7A492 /* LifeCircleViewController.xib */; };
		C3ED5A3223AFBF6600C7A492 /* AddPostViewController.swift in Sources */ = {isa = PBXBuildFile; fileRef = C3ED5A3023AFBF6600C7A492 /* AddPostViewController.swift */; };
		C3ED5A3323AFBF6600C7A492 /* AddPostViewController.xib in Resources */ = {isa = PBXBuildFile; fileRef = C3ED5A3123AFBF6600C7A492 /* AddPostViewController.xib */; };
		C3F98135253B29850002CD13 /* ScrollViewController.swift in Sources */ = {isa = PBXBuildFile; fileRef = C3F98134253B29850002CD13 /* ScrollViewController.swift */; };
		F14950603E4BBFAB23440180 /* 7.png in Resources */ = {isa = PBXBuildFile; fileRef = F1495A3A1A8ED9AC4276F75C /* 7.png */; };
		F14951ADCAB034E8DF436B5D /* 6.png in Resources */ = {isa = PBXBuildFile; fileRef = F1495722D8909D273691A8A4 /* 6.png */; };
		F14951C7F023A062FD05EEEE /* ProfileCell.swift in Sources */ = {isa = PBXBuildFile; fileRef = F1495FAAE2CE65D0105BB9B3 /* ProfileCell.swift */; };
		F14951CA8AC3C5CA80AB7DCC /* SetupSphereValueViewController.xib in Resources */ = {isa = PBXBuildFile; fileRef = F149534A1EC55C2C73098FDB /* SetupSphereValueViewController.xib */; };
		F14951DADFEBD16EA7AA4EEE /* ProfileCell.xib in Resources */ = {isa = PBXBuildFile; fileRef = F1495A99D279D2B2DE295323 /* ProfileCell.xib */; };
		F14952606F9F2D69620BA836 /* AlertServiceDefault.swift in Sources */ = {isa = PBXBuildFile; fileRef = F1495A01F520BE9160623AFA /* AlertServiceDefault.swift */; };
		F1495267BF7181FA76BBDF88 /* AchievementsTableViewCell.xib in Resources */ = {isa = PBXBuildFile; fileRef = F1495517C452EF92F48A6B72 /* AchievementsTableViewCell.xib */; };
		F1495273E66F5AD91A5F822E /* SphereMetricsTableViewCell.swift in Sources */ = {isa = PBXBuildFile; fileRef = F1495C2FA436CF4A36B7F05F /* SphereMetricsTableViewCell.swift */; };
		F149536F904F19914B26C190 /* EditProfileViewController.xib in Resources */ = {isa = PBXBuildFile; fileRef = F1495ED73EC740C15F91A8CF /* EditProfileViewController.xib */; };
		F14953B62F438A822C859E2D /* FirebaseStorage.swift in Sources */ = {isa = PBXBuildFile; fileRef = F14959BA831454BA379465FF /* FirebaseStorage.swift */; };
		F14954FEAEF05672B805215A /* 8.png in Resources */ = {isa = PBXBuildFile; fileRef = F14953E2C36B7AC09151054D /* 8.png */; };
		F149557C8041D5BB75C0CA34 /* WelcomeViewController.xib in Resources */ = {isa = PBXBuildFile; fileRef = F14950B134A6B877EF737842 /* WelcomeViewController.xib */; };
		F14955EA34AE8AA776A7C8ED /* 2.png in Resources */ = {isa = PBXBuildFile; fileRef = F149537E71EDAF6963040654 /* 2.png */; };
		F149566708A477FB446667C9 /* 3.png in Resources */ = {isa = PBXBuildFile; fileRef = F14958C6AC488E270BB36001 /* 3.png */; };
		F149568306069F87D911B76D /* 9.png in Resources */ = {isa = PBXBuildFile; fileRef = F149568D8593B53F43E6DF5E /* 9.png */; };
		F149571D8D5ACCC62F0EB363 /* CGRect.swift in Sources */ = {isa = PBXBuildFile; fileRef = F14955E497B188FBBB345A1A /* CGRect.swift */; };
		F14957534493CFF9CA95F186 /* ArticleViewController.swift in Sources */ = {isa = PBXBuildFile; fileRef = F14951ABC1D994236623358B /* ArticleViewController.swift */; };
		F1495758B8B86F71B37096B8 /* FirebaseDatabase.swift in Sources */ = {isa = PBXBuildFile; fileRef = F1495297F7AD9CAF4E9198A5 /* FirebaseDatabase.swift */; };
		F14959446FAB1AE8F8479875 /* ArticleViewController.xib in Resources */ = {isa = PBXBuildFile; fileRef = F14955127BD3A7CAEE9EC9E4 /* ArticleViewController.xib */; };
		F14959E6D1E7A2AB6E42BF31 /* SphereDetailViewController.xib in Resources */ = {isa = PBXBuildFile; fileRef = F149585E02FD93E6AE2E43E1 /* SphereDetailViewController.xib */; };
		F1495A2BAA0794DBE208648C /* UI+SwiftEntryKit.swift in Sources */ = {isa = PBXBuildFile; fileRef = F14950817E129DCC6D81127A /* UI+SwiftEntryKit.swift */; };
		F1495ADA5587A84C0A572A15 /* SetupSphereValueViewController.swift in Sources */ = {isa = PBXBuildFile; fileRef = F14953FDFB01D1F08106D959 /* SetupSphereValueViewController.swift */; };
		F1495BDA4B981DA49805610D /* OnboardingPageViewController.swift in Sources */ = {isa = PBXBuildFile; fileRef = F149566B1400A8755E893491 /* OnboardingPageViewController.swift */; };
		F1495CCF35CE078ED01A9258 /* 1.png in Resources */ = {isa = PBXBuildFile; fileRef = F14958BF1B820ACB6FC09854 /* 1.png */; };
		F1495CE9448BA43B6273D3AB /* 4.png in Resources */ = {isa = PBXBuildFile; fileRef = F1495D61E9E5A5FE7FF55202 /* 4.png */; };
		F1495CF0A1F9133C1BA23F4D /* SphereDetailViewController.swift in Sources */ = {isa = PBXBuildFile; fileRef = F1495E175756D8C81C491673 /* SphereDetailViewController.swift */; };
		F1495D08557F105CA2F17BBD /* EditProfileViewController.swift in Sources */ = {isa = PBXBuildFile; fileRef = F14953380D25A47E53AF9652 /* EditProfileViewController.swift */; };
		F1495D5C47D69919FE8AA4BF /* AchievementsTableViewCell.swift in Sources */ = {isa = PBXBuildFile; fileRef = F149585F902A92E27328DFAE /* AchievementsTableViewCell.swift */; };
		F1495D5ECDF0B97F424E8224 /* 5.png in Resources */ = {isa = PBXBuildFile; fileRef = F1495DC187F39C709B8B85F8 /* 5.png */; };
		F1495DEDB16766BBCE6BE394 /* SphereMetricsTableViewCell.xib in Resources */ = {isa = PBXBuildFile; fileRef = F1495140518C692011416A1A /* SphereMetricsTableViewCell.xib */; };
		F1495E1F759594DE3F707CCF /* get-better-readme.jpg in Resources */ = {isa = PBXBuildFile; fileRef = F1495B637B114DD9251810C1 /* get-better-readme.jpg */; };
		F1495EC47C86B62C320FC93A /* CustomPopUpView.swift in Sources */ = {isa = PBXBuildFile; fileRef = F1495953C52FB85F7DABA142 /* CustomPopUpView.swift */; };
		F1495F5D467AC16BA57CE2BF /* WelcomeViewController.swift in Sources */ = {isa = PBXBuildFile; fileRef = F14950C09BAEFB80A32F8E4F /* WelcomeViewController.swift */; };
/* End PBXBuildFile section */

/* Begin PBXFileReference section */
		0C23186A6E3BCD55A9D0666A /* Pods_GetBetter.framework */ = {isa = PBXFileReference; explicitFileType = wrapper.framework; includeInIndex = 0; path = Pods_GetBetter.framework; sourceTree = BUILT_PRODUCTS_DIR; };
		6E045E9A24640A6A0001E378 /* Achievement.swift */ = {isa = PBXFileReference; lastKnownFileType = sourcecode.swift; path = Achievement.swift; sourceTree = "<group>"; };
		6E5AE64324601DBC00418B23 /* ResetPasswordViewController.xib */ = {isa = PBXFileReference; fileEncoding = 4; lastKnownFileType = file.xib; name = ResetPasswordViewController.xib; path = Classes/Screens/ResetPassword/ResetPasswordViewController.xib; sourceTree = SOURCE_ROOT; };
		6E5AE64524601DD200418B23 /* ResetPasswordViewController.swift */ = {isa = PBXFileReference; fileEncoding = 4; lastKnownFileType = sourcecode.swift; name = ResetPasswordViewController.swift; path = Classes/Screens/ResetPassword/ResetPasswordViewController.swift; sourceTree = SOURCE_ROOT; };
		6E6A21792466C6FB00D8AC68 /* Article.swift */ = {isa = PBXFileReference; lastKnownFileType = sourcecode.swift; path = Article.swift; sourceTree = "<group>"; };
		6E7071F2245C474D00ED7D08 /* SphereValue.swift */ = {isa = PBXFileReference; lastKnownFileType = sourcecode.swift; path = SphereValue.swift; sourceTree = "<group>"; };
		6E9E01BC245464360083499E /* SphereMetrics.swift */ = {isa = PBXFileReference; lastKnownFileType = sourcecode.swift; path = SphereMetrics.swift; sourceTree = "<group>"; };
		6EA85196244F691700D40E14 /* Sphere.swift */ = {isa = PBXFileReference; lastKnownFileType = sourcecode.swift; path = Sphere.swift; sourceTree = "<group>"; };
		6EA85198244F7E8F00D40E14 /* Date.swift */ = {isa = PBXFileReference; lastKnownFileType = sourcecode.swift; path = Date.swift; sourceTree = "<group>"; };
		6EA8519A244F827A00D40E14 /* Post.swift */ = {isa = PBXFileReference; lastKnownFileType = sourcecode.swift; path = Post.swift; sourceTree = "<group>"; };
		6EA8519C244F86FA00D40E14 /* JournalTableViewCell.swift */ = {isa = PBXFileReference; lastKnownFileType = sourcecode.swift; path = JournalTableViewCell.swift; sourceTree = "<group>"; };
		6EA8519D244F86FA00D40E14 /* JournalTableViewCell.xib */ = {isa = PBXFileReference; lastKnownFileType = file.xib; path = JournalTableViewCell.xib; sourceTree = "<group>"; };
		9277D384238C725200B3AECA /* GetBetter.app */ = {isa = PBXFileReference; explicitFileType = wrapper.application; includeInIndex = 0; path = GetBetter.app; sourceTree = BUILT_PRODUCTS_DIR; };
		9277D387238C725200B3AECA /* AppDelegate.swift */ = {isa = PBXFileReference; lastKnownFileType = sourcecode.swift; path = AppDelegate.swift; sourceTree = "<group>"; };
		9277D38E238C725300B3AECA /* Assets.xcassets */ = {isa = PBXFileReference; lastKnownFileType = folder.assetcatalog; path = Assets.xcassets; sourceTree = "<group>"; };
		9277D393238C725300B3AECA /* Info.plist */ = {isa = PBXFileReference; lastKnownFileType = text.plist.xml; path = Info.plist; sourceTree = "<group>"; };
		9F25B847E5A22A9125AFEA88 /* Pods-GetBetter.debug.xcconfig */ = {isa = PBXFileReference; includeInIndex = 1; lastKnownFileType = text.xcconfig; name = "Pods-GetBetter.debug.xcconfig"; path = "Target Support Files/Pods-GetBetter/Pods-GetBetter.debug.xcconfig"; sourceTree = "<group>"; };
		C30350AB25C53B4D003B13BD /* DifficultyLevel.swift */ = {isa = PBXFileReference; lastKnownFileType = sourcecode.swift; path = DifficultyLevel.swift; sourceTree = "<group>"; };
		C30350B125C53CED003B13BD /* TitleSubtitleCell.swift */ = {isa = PBXFileReference; lastKnownFileType = sourcecode.swift; path = TitleSubtitleCell.swift; sourceTree = "<group>"; };
		C30350B225C53CED003B13BD /* TitleSubtitleCell.xib */ = {isa = PBXFileReference; lastKnownFileType = file.xib; path = TitleSubtitleCell.xib; sourceTree = "<group>"; };
		C30350B925C53E32003B13BD /* TitleSubtitleCellViewModel.swift */ = {isa = PBXFileReference; lastKnownFileType = sourcecode.swift; path = TitleSubtitleCellViewModel.swift; sourceTree = "<group>"; };
		C30C7A0E247E8DC400FD830F /* ConnectionHelper.swift */ = {isa = PBXFileReference; lastKnownFileType = sourcecode.swift; path = ConnectionHelper.swift; sourceTree = "<group>"; };
		C30FEE472553045F00CC84B9 /* UIView+Screenshot.swift */ = {isa = PBXFileReference; lastKnownFileType = sourcecode.swift; path = "UIView+Screenshot.swift"; sourceTree = "<group>"; };
		C30FEE4C2553C6AA00CC84B9 /* TipsTableViewController.swift */ = {isa = PBXFileReference; lastKnownFileType = sourcecode.swift; path = TipsTableViewController.swift; sourceTree = "<group>"; };
		C317E56F247D6559001521FE /* NoInternetViewController.swift */ = {isa = PBXFileReference; lastKnownFileType = sourcecode.swift; path = NoInternetViewController.swift; sourceTree = "<group>"; };
		C317E570247D6559001521FE /* NoInternetViewController.xib */ = {isa = PBXFileReference; lastKnownFileType = file.xib; path = NoInternetViewController.xib; sourceTree = "<group>"; };
		C328EE032447294100445704 /* RegisterViewController.swift */ = {isa = PBXFileReference; lastKnownFileType = sourcecode.swift; path = RegisterViewController.swift; sourceTree = "<group>"; };
		C328EE042447294100445704 /* RegisterViewController.xib */ = {isa = PBXFileReference; lastKnownFileType = file.xib; path = RegisterViewController.xib; sourceTree = "<group>"; };
		C32D4CE023D0F3FC00AD9863 /* Properties.swift */ = {isa = PBXFileReference; lastKnownFileType = sourcecode.swift; path = Properties.swift; sourceTree = "<group>"; };
		C32EA81A25043006009F6D52 /* CommonMetricsTableViewCell.swift */ = {isa = PBXFileReference; lastKnownFileType = sourcecode.swift; path = CommonMetricsTableViewCell.swift; sourceTree = "<group>"; };
		C32EA81B25043006009F6D52 /* CommonMetricsTableViewCell.xib */ = {isa = PBXFileReference; lastKnownFileType = file.xib; path = CommonMetricsTableViewCell.xib; sourceTree = "<group>"; };
		C33722A9254EB5C200191785 /* JournalSection.swift */ = {isa = PBXFileReference; lastKnownFileType = sourcecode.swift; path = JournalSection.swift; sourceTree = "<group>"; };
		C33722AC254EB9BC00191785 /* VoidClosure.swift */ = {isa = PBXFileReference; lastKnownFileType = sourcecode.swift; path = VoidClosure.swift; sourceTree = "<group>"; };
		C33722B3254EEA2800191785 /* TipStorage.swift */ = {isa = PBXFileReference; lastKnownFileType = sourcecode.swift; path = TipStorage.swift; sourceTree = "<group>"; };
		C33B344C247BAE74008EA2D1 /* UITextView.swift */ = {isa = PBXFileReference; lastKnownFileType = sourcecode.swift; path = UITextView.swift; sourceTree = "<group>"; };
		C33B3450247C111F008EA2D1 /* NSAttributedString.swift */ = {isa = PBXFileReference; lastKnownFileType = sourcecode.swift; path = NSAttributedString.swift; sourceTree = "<group>"; };
		C33B3452247C137A008EA2D1 /* UIFont.swift */ = {isa = PBXFileReference; lastKnownFileType = sourcecode.swift; path = UIFont.swift; sourceTree = "<group>"; };
		C34434F724CEBD880045F1BD /* CancelButton.swift */ = {isa = PBXFileReference; lastKnownFileType = sourcecode.swift; path = CancelButton.swift; sourceTree = "<group>"; };
		C3452B5624BE17BD00C973B1 /* UIButton.swift */ = {isa = PBXFileReference; lastKnownFileType = sourcecode.swift; path = UIButton.swift; sourceTree = "<group>"; };
		C34B14E824475ED000B58B18 /* FormValidator.swift */ = {isa = PBXFileReference; lastKnownFileType = sourcecode.swift; path = FormValidator.swift; sourceTree = "<group>"; };
		C35750D224507E7B00BA7006 /* PostDetailViewController.swift */ = {isa = PBXFileReference; lastKnownFileType = sourcecode.swift; path = PostDetailViewController.swift; sourceTree = "<group>"; };
		C35750D324507E7B00BA7006 /* PostDetailViewController.xib */ = {isa = PBXFileReference; lastKnownFileType = file.xib; path = PostDetailViewController.xib; sourceTree = "<group>"; };
		C35B38AE2462D57500E0C416 /* Photo.swift */ = {isa = PBXFileReference; lastKnownFileType = sourcecode.swift; path = Photo.swift; sourceTree = "<group>"; };
		C35B38B02462E1E700E0C416 /* UIImage.swift */ = {isa = PBXFileReference; lastKnownFileType = sourcecode.swift; path = UIImage.swift; sourceTree = "<group>"; };
		C35CC98C25A9BBE100A9AA59 /* PushNotificationCell.swift */ = {isa = PBXFileReference; lastKnownFileType = sourcecode.swift; path = PushNotificationCell.swift; sourceTree = "<group>"; };
		C35CC98D25A9BBE100A9AA59 /* PushNotificationCell.xib */ = {isa = PBXFileReference; lastKnownFileType = file.xib; path = PushNotificationCell.xib; sourceTree = "<group>"; };
		C35CC99125A9BDF900A9AA59 /* PushNotificationModel.swift */ = {isa = PBXFileReference; lastKnownFileType = sourcecode.swift; path = PushNotificationModel.swift; sourceTree = "<group>"; };
		C35D835F250D40E5000C565E /* TipViewController.swift */ = {isa = PBXFileReference; lastKnownFileType = sourcecode.swift; path = TipViewController.swift; sourceTree = "<group>"; };
		C35D8360250D40E5000C565E /* TipViewController.xib */ = {isa = PBXFileReference; lastKnownFileType = file.xib; path = TipViewController.xib; sourceTree = "<group>"; };
		C35D83722511D88B000C565E /* UserSettingsService.swift */ = {isa = PBXFileReference; lastKnownFileType = sourcecode.swift; path = UserSettingsService.swift; sourceTree = "<group>"; };
		C35EBD92244DE870004593CC /* GoogleService-Info.plist */ = {isa = PBXFileReference; fileEncoding = 4; lastKnownFileType = text.plist.xml; path = "GoogleService-Info.plist"; sourceTree = "<group>"; };
		C3635182257B809900DA6713 /* SphereMetricsService.swift */ = {isa = PBXFileReference; lastKnownFileType = sourcecode.swift; path = SphereMetricsService.swift; sourceTree = "<group>"; };
		C3635187257CD7B700DA6713 /* NotificationSettings.swift */ = {isa = PBXFileReference; lastKnownFileType = sourcecode.swift; path = NotificationSettings.swift; sourceTree = "<group>"; };
		C36351CC257D336300DA6713 /* NotificationCell.swift */ = {isa = PBXFileReference; lastKnownFileType = sourcecode.swift; path = NotificationCell.swift; sourceTree = "<group>"; };
		C36351CD257D336300DA6713 /* NotificationCell.xib */ = {isa = PBXFileReference; lastKnownFileType = file.xib; path = NotificationCell.xib; sourceTree = "<group>"; };
		C36351D2257D353600DA6713 /* NotificationCellViewModel.swift */ = {isa = PBXFileReference; lastKnownFileType = sourcecode.swift; path = NotificationCellViewModel.swift; sourceTree = "<group>"; };
		C36D8453239BF322004FEFD5 /* TabBarController.swift */ = {isa = PBXFileReference; lastKnownFileType = sourcecode.swift; path = TabBarController.swift; sourceTree = "<group>"; };
		C36F66452449AC3C00293246 /* KeychainHelper.swift */ = {isa = PBXFileReference; lastKnownFileType = sourcecode.swift; path = KeychainHelper.swift; sourceTree = "<group>"; };
		C36F66472449BE0000293246 /* UIViewController.swift */ = {isa = PBXFileReference; lastKnownFileType = sourcecode.swift; path = UIViewController.swift; sourceTree = "<group>"; };
		C37D0B3D23D79088005A1BCF /* Label.swift */ = {isa = PBXFileReference; lastKnownFileType = sourcecode.swift; path = Label.swift; sourceTree = "<group>"; };
		C3813FFD24D92F7000A3C6AA /* LifeCircleService.swift */ = {isa = PBXFileReference; lastKnownFileType = sourcecode.swift; path = LifeCircleService.swift; sourceTree = "<group>"; };
		C3813FFF24D9396E00A3C6AA /* Collection+Extension.swift */ = {isa = PBXFileReference; lastKnownFileType = sourcecode.swift; path = "Collection+Extension.swift"; sourceTree = "<group>"; };
		C38157AB2556B2BD0005C16E /* 37723-confetti-partyyy.json */ = {isa = PBXFileReference; fileEncoding = 4; lastKnownFileType = text.json; path = "37723-confetti-partyyy.json"; sourceTree = "<group>"; };
		C38158272556BEBD0005C16E /* 35255-from-loading-to-success.json */ = {isa = PBXFileReference; fileEncoding = 4; lastKnownFileType = text.json; path = "35255-from-loading-to-success.json"; sourceTree = "<group>"; };
		C38158282556BEBD0005C16E /* 15046-spark-animation.json */ = {isa = PBXFileReference; fileEncoding = 4; lastKnownFileType = text.json; path = "15046-spark-animation.json"; sourceTree = "<group>"; };
		C38158292556BEBD0005C16E /* 28592-yoga-nature.json */ = {isa = PBXFileReference; fileEncoding = 4; lastKnownFileType = text.json; path = "28592-yoga-nature.json"; sourceTree = "<group>"; };
		C381582A2556BEBD0005C16E /* 35256-from-loading-to-error.json */ = {isa = PBXFileReference; fileEncoding = 4; lastKnownFileType = text.json; path = "35256-from-loading-to-error.json"; sourceTree = "<group>"; };
		C38158302556C28E0005C16E /* AnimationName.swift */ = {isa = PBXFileReference; lastKnownFileType = sourcecode.swift; path = AnimationName.swift; sourceTree = "<group>"; };
		C38689EA2520FE9500BE9851 /* EditPostViewController.swift */ = {isa = PBXFileReference; lastKnownFileType = sourcecode.swift; path = EditPostViewController.swift; sourceTree = "<group>"; };
		C38689EC2521054300BE9851 /* EditPostViewController.xib */ = {isa = PBXFileReference; fileEncoding = 4; lastKnownFileType = file.xib; name = EditPostViewController.xib; path = Classes/Screens/EditPost/EditPostViewController.xib; sourceTree = SOURCE_ROOT; };
		C389466625A84BAF00FEF40C /* PushNotificationsViewController.swift */ = {isa = PBXFileReference; lastKnownFileType = sourcecode.swift; path = PushNotificationsViewController.swift; sourceTree = "<group>"; };
		C390A75D24C0CFC900EAD48E /* TextViewViewController.swift */ = {isa = PBXFileReference; lastKnownFileType = sourcecode.swift; path = TextViewViewController.swift; sourceTree = "<group>"; };
		C390A75E24C0CFC900EAD48E /* TextViewViewController.xib */ = {isa = PBXFileReference; lastKnownFileType = file.xib; path = TextViewViewController.xib; sourceTree = "<group>"; };
		C392971E247FAE04000340DC /* PostMapper.swift */ = {isa = PBXFileReference; lastKnownFileType = sourcecode.swift; path = PostMapper.swift; sourceTree = "<group>"; };
		C39423D624404E8E0060CF50 /* AuthViewController.swift */ = {isa = PBXFileReference; lastKnownFileType = sourcecode.swift; path = AuthViewController.swift; sourceTree = "<group>"; };
		C39423D724404E8E0060CF50 /* AuthViewController.xib */ = {isa = PBXFileReference; lastKnownFileType = file.xib; path = AuthViewController.xib; sourceTree = "<group>"; };
		C396E23B246AC71E00DBF0E4 /* Double.swift */ = {isa = PBXFileReference; lastKnownFileType = sourcecode.swift; path = Double.swift; sourceTree = "<group>"; };
		C396E23D246AC8E200DBF0E4 /* AchievementService.swift */ = {isa = PBXFileReference; lastKnownFileType = sourcecode.swift; path = AchievementService.swift; sourceTree = "<group>"; };
		C39A321D245710BC005D2EDF /* SettingsViewController.swift */ = {isa = PBXFileReference; lastKnownFileType = sourcecode.swift; path = SettingsViewController.swift; sourceTree = "<group>"; };
		C39A321E245710BC005D2EDF /* SettingsViewController.xib */ = {isa = PBXFileReference; lastKnownFileType = file.xib; path = SettingsViewController.xib; sourceTree = "<group>"; };
		C39EF079258738010090BC35 /* 24118-japan-flow.json */ = {isa = PBXFileReference; fileEncoding = 4; lastKnownFileType = text.json; path = "24118-japan-flow.json"; sourceTree = "<group>"; };
		C39FD71B24499E7700F96307 /* NotificationName.swift */ = {isa = PBXFileReference; lastKnownFileType = sourcecode.swift; path = NotificationName.swift; sourceTree = "<group>"; };
		C3A1058E23AC045D008F5F9B /* Color.swift */ = {isa = PBXFileReference; lastKnownFileType = sourcecode.swift; path = Color.swift; sourceTree = "<group>"; };
		C3B4760224596BAD0067A3C0 /* SettingsCellViewModel.swift */ = {isa = PBXFileReference; lastKnownFileType = sourcecode.swift; path = SettingsCellViewModel.swift; sourceTree = "<group>"; };
		C3B4760424596BCB0067A3C0 /* Profile.swift */ = {isa = PBXFileReference; lastKnownFileType = sourcecode.swift; path = Profile.swift; sourceTree = "<group>"; };
		C3B5CC8B2544325B00E55B82 /* AchievementsViewController.swift */ = {isa = PBXFileReference; lastKnownFileType = sourcecode.swift; path = AchievementsViewController.swift; sourceTree = "<group>"; };
		C3BC51282573CFEC002E1772 /* ru */ = {isa = PBXFileReference; lastKnownFileType = file.storyboard; name = ru; path = ru.lproj/LaunchScreen.storyboard; sourceTree = "<group>"; };
		C3BFEBC42477E85F000B5B41 /* NotificationService.swift */ = {isa = PBXFileReference; lastKnownFileType = sourcecode.swift; path = NotificationService.swift; sourceTree = "<group>"; };
		C3BFEBC72477F5A3000B5B41 /* R.generated.swift */ = {isa = PBXFileReference; fileEncoding = 4; lastKnownFileType = sourcecode.swift; path = R.generated.swift; sourceTree = "<group>"; };
		C3BFEBCB2477F93E000B5B41 /* Localizable.strings */ = {isa = PBXFileReference; lastKnownFileType = text.plist.strings; path = Localizable.strings; sourceTree = "<group>"; };
		C3C873D02436033400931E9B /* AppError.swift */ = {isa = PBXFileReference; lastKnownFileType = sourcecode.swift; path = AppError.swift; sourceTree = "<group>"; };
		C3C9DD8624B843B3003C83BD /* String.swift */ = {isa = PBXFileReference; lastKnownFileType = sourcecode.swift; path = String.swift; sourceTree = "<group>"; };
		C3C9DD8924B9870B003C83BD /* GetBetter.entitlements */ = {isa = PBXFileReference; fileEncoding = 4; lastKnownFileType = text.plist.entitlements; path = GetBetter.entitlements; sourceTree = "<group>"; };
		C3D4AA8F24ADC72800F1BAD8 /* UIImageView.swift */ = {isa = PBXFileReference; lastKnownFileType = sourcecode.swift; path = UIImageView.swift; sourceTree = "<group>"; };
		C3D69D7725850E9900BC64C9 /* 19904-ski-touring-backcountry-skiing.json */ = {isa = PBXFileReference; fileEncoding = 4; lastKnownFileType = text.json; path = "19904-ski-touring-backcountry-skiing.json"; sourceTree = "<group>"; };
		C3E7EB7323C710BB0045B70A /* RootManager.swift */ = {isa = PBXFileReference; lastKnownFileType = sourcecode.swift; path = RootManager.swift; sourceTree = "<group>"; };
		C3ED5A2423AFBECF00C7A492 /* JournalViewController.swift */ = {isa = PBXFileReference; lastKnownFileType = sourcecode.swift; path = JournalViewController.swift; sourceTree = "<group>"; };
		C3ED5A2523AFBECF00C7A492 /* JournalViewController.xib */ = {isa = PBXFileReference; lastKnownFileType = file.xib; path = JournalViewController.xib; sourceTree = "<group>"; };
		C3ED5A2823AFBF1300C7A492 /* LifeCircleViewController.swift */ = {isa = PBXFileReference; lastKnownFileType = sourcecode.swift; path = LifeCircleViewController.swift; sourceTree = "<group>"; };
		C3ED5A2923AFBF1300C7A492 /* LifeCircleViewController.xib */ = {isa = PBXFileReference; lastKnownFileType = file.xib; path = LifeCircleViewController.xib; sourceTree = "<group>"; };
		C3ED5A3023AFBF6600C7A492 /* AddPostViewController.swift */ = {isa = PBXFileReference; lastKnownFileType = sourcecode.swift; path = AddPostViewController.swift; sourceTree = "<group>"; };
		C3ED5A3123AFBF6600C7A492 /* AddPostViewController.xib */ = {isa = PBXFileReference; lastKnownFileType = file.xib; path = AddPostViewController.xib; sourceTree = "<group>"; };
		C3F98134253B29850002CD13 /* ScrollViewController.swift */ = {isa = PBXFileReference; lastKnownFileType = sourcecode.swift; path = ScrollViewController.swift; sourceTree = "<group>"; };
		DE8B2E85E8D419DCEDA1ACF3 /* Pods-GetBetter.release.xcconfig */ = {isa = PBXFileReference; includeInIndex = 1; lastKnownFileType = text.xcconfig; name = "Pods-GetBetter.release.xcconfig"; path = "Target Support Files/Pods-GetBetter/Pods-GetBetter.release.xcconfig"; sourceTree = "<group>"; };
		F14950817E129DCC6D81127A /* UI+SwiftEntryKit.swift */ = {isa = PBXFileReference; fileEncoding = 4; lastKnownFileType = sourcecode.swift; path = "UI+SwiftEntryKit.swift"; sourceTree = "<group>"; };
		F14950B134A6B877EF737842 /* WelcomeViewController.xib */ = {isa = PBXFileReference; lastKnownFileType = file.xib; path = WelcomeViewController.xib; sourceTree = "<group>"; };
		F14950C09BAEFB80A32F8E4F /* WelcomeViewController.swift */ = {isa = PBXFileReference; fileEncoding = 4; lastKnownFileType = sourcecode.swift; path = WelcomeViewController.swift; sourceTree = "<group>"; };
		F1495140518C692011416A1A /* SphereMetricsTableViewCell.xib */ = {isa = PBXFileReference; lastKnownFileType = file.xib; path = SphereMetricsTableViewCell.xib; sourceTree = "<group>"; };
		F14951ABC1D994236623358B /* ArticleViewController.swift */ = {isa = PBXFileReference; fileEncoding = 4; lastKnownFileType = sourcecode.swift; path = ArticleViewController.swift; sourceTree = "<group>"; };
		F1495297F7AD9CAF4E9198A5 /* FirebaseDatabase.swift */ = {isa = PBXFileReference; fileEncoding = 4; lastKnownFileType = sourcecode.swift; path = FirebaseDatabase.swift; sourceTree = "<group>"; };
		F14953380D25A47E53AF9652 /* EditProfileViewController.swift */ = {isa = PBXFileReference; fileEncoding = 4; lastKnownFileType = sourcecode.swift; path = EditProfileViewController.swift; sourceTree = "<group>"; };
		F149534A1EC55C2C73098FDB /* SetupSphereValueViewController.xib */ = {isa = PBXFileReference; lastKnownFileType = file.xib; path = SetupSphereValueViewController.xib; sourceTree = "<group>"; };
		F149537E71EDAF6963040654 /* 2.png */ = {isa = PBXFileReference; lastKnownFileType = image.png; path = 2.png; sourceTree = "<group>"; };
		F14953E2C36B7AC09151054D /* 8.png */ = {isa = PBXFileReference; lastKnownFileType = image.png; path = 8.png; sourceTree = "<group>"; };
		F14953FDFB01D1F08106D959 /* SetupSphereValueViewController.swift */ = {isa = PBXFileReference; fileEncoding = 4; lastKnownFileType = sourcecode.swift; path = SetupSphereValueViewController.swift; sourceTree = "<group>"; };
		F14955127BD3A7CAEE9EC9E4 /* ArticleViewController.xib */ = {isa = PBXFileReference; lastKnownFileType = file.xib; path = ArticleViewController.xib; sourceTree = "<group>"; };
		F1495517C452EF92F48A6B72 /* AchievementsTableViewCell.xib */ = {isa = PBXFileReference; lastKnownFileType = file.xib; path = AchievementsTableViewCell.xib; sourceTree = "<group>"; };
		F14955E497B188FBBB345A1A /* CGRect.swift */ = {isa = PBXFileReference; fileEncoding = 4; lastKnownFileType = sourcecode.swift; path = CGRect.swift; sourceTree = "<group>"; };
		F149566B1400A8755E893491 /* OnboardingPageViewController.swift */ = {isa = PBXFileReference; fileEncoding = 4; lastKnownFileType = sourcecode.swift; path = OnboardingPageViewController.swift; sourceTree = "<group>"; };
		F149568D8593B53F43E6DF5E /* 9.png */ = {isa = PBXFileReference; lastKnownFileType = image.png; path = 9.png; sourceTree = "<group>"; };
		F1495722D8909D273691A8A4 /* 6.png */ = {isa = PBXFileReference; lastKnownFileType = image.png; path = 6.png; sourceTree = "<group>"; };
		F149585E02FD93E6AE2E43E1 /* SphereDetailViewController.xib */ = {isa = PBXFileReference; lastKnownFileType = file.xib; path = SphereDetailViewController.xib; sourceTree = "<group>"; };
		F149585F902A92E27328DFAE /* AchievementsTableViewCell.swift */ = {isa = PBXFileReference; fileEncoding = 4; lastKnownFileType = sourcecode.swift; path = AchievementsTableViewCell.swift; sourceTree = "<group>"; };
		F14958BF1B820ACB6FC09854 /* 1.png */ = {isa = PBXFileReference; lastKnownFileType = image.png; path = 1.png; sourceTree = "<group>"; };
		F14958C6AC488E270BB36001 /* 3.png */ = {isa = PBXFileReference; lastKnownFileType = image.png; path = 3.png; sourceTree = "<group>"; };
		F1495953C52FB85F7DABA142 /* CustomPopUpView.swift */ = {isa = PBXFileReference; fileEncoding = 4; lastKnownFileType = sourcecode.swift; path = CustomPopUpView.swift; sourceTree = "<group>"; };
		F14959BA831454BA379465FF /* FirebaseStorage.swift */ = {isa = PBXFileReference; fileEncoding = 4; lastKnownFileType = sourcecode.swift; path = FirebaseStorage.swift; sourceTree = "<group>"; };
		F1495A01F520BE9160623AFA /* AlertServiceDefault.swift */ = {isa = PBXFileReference; fileEncoding = 4; lastKnownFileType = sourcecode.swift; path = AlertServiceDefault.swift; sourceTree = "<group>"; };
		F1495A3A1A8ED9AC4276F75C /* 7.png */ = {isa = PBXFileReference; lastKnownFileType = image.png; path = 7.png; sourceTree = "<group>"; };
		F1495A99D279D2B2DE295323 /* ProfileCell.xib */ = {isa = PBXFileReference; lastKnownFileType = file.xib; path = ProfileCell.xib; sourceTree = "<group>"; };
		F1495B637B114DD9251810C1 /* get-better-readme.jpg */ = {isa = PBXFileReference; lastKnownFileType = image.jpeg; path = "get-better-readme.jpg"; sourceTree = "<group>"; };
		F1495C2FA436CF4A36B7F05F /* SphereMetricsTableViewCell.swift */ = {isa = PBXFileReference; fileEncoding = 4; lastKnownFileType = sourcecode.swift; path = SphereMetricsTableViewCell.swift; sourceTree = "<group>"; };
		F1495D61E9E5A5FE7FF55202 /* 4.png */ = {isa = PBXFileReference; lastKnownFileType = image.png; path = 4.png; sourceTree = "<group>"; };
		F1495DC187F39C709B8B85F8 /* 5.png */ = {isa = PBXFileReference; lastKnownFileType = image.png; path = 5.png; sourceTree = "<group>"; };
		F1495E175756D8C81C491673 /* SphereDetailViewController.swift */ = {isa = PBXFileReference; fileEncoding = 4; lastKnownFileType = sourcecode.swift; path = SphereDetailViewController.swift; sourceTree = "<group>"; };
		F1495ED73EC740C15F91A8CF /* EditProfileViewController.xib */ = {isa = PBXFileReference; lastKnownFileType = file.xib; path = EditProfileViewController.xib; sourceTree = "<group>"; };
		F1495FAAE2CE65D0105BB9B3 /* ProfileCell.swift */ = {isa = PBXFileReference; fileEncoding = 4; lastKnownFileType = sourcecode.swift; path = ProfileCell.swift; sourceTree = "<group>"; };
/* End PBXFileReference section */

/* Begin PBXFrameworksBuildPhase section */
		9277D381238C725200B3AECA /* Frameworks */ = {
			isa = PBXFrameworksBuildPhase;
			buildActionMask = 2147483647;
			files = (
				9E79D9ADDB6CABE947ACB572 /* Pods_GetBetter.framework in Frameworks */,
			);
			runOnlyForDeploymentPostprocessing = 0;
		};
/* End PBXFrameworksBuildPhase section */

/* Begin PBXGroup section */
		6E5AE648246028E100418B23 /* ResetPassword */ = {
			isa = PBXGroup;
			children = (
				6E5AE64524601DD200418B23 /* ResetPasswordViewController.swift */,
				6E5AE64324601DBC00418B23 /* ResetPasswordViewController.xib */,
			);
			path = ResetPassword;
			sourceTree = "<group>";
		};
		6E5AFCD32450C06800F283C4 /* AddPost */ = {
			isa = PBXGroup;
			children = (
				C3ED5A3023AFBF6600C7A492 /* AddPostViewController.swift */,
				C3ED5A3123AFBF6600C7A492 /* AddPostViewController.xib */,
			);
			path = AddPost;
			sourceTree = "<group>";
		};
		9277D37B238C725200B3AECA = {
			isa = PBXGroup;
			children = (
				C3C9DD8924B9870B003C83BD /* GetBetter.entitlements */,
				C3BFEBC72477F5A3000B5B41 /* R.generated.swift */,
				9277D386238C725200B3AECA /* Classes */,
				9277D385238C725200B3AECA /* Products */,
				A6B2429419AF3A5996472DBD /* Pods */,
				F1495E7A4CBA011782A12B40 /* Pics */,
				A46B6D66EBE9CCA47B00B731 /* Frameworks */,
			);
			sourceTree = "<group>";
		};
		9277D385238C725200B3AECA /* Products */ = {
			isa = PBXGroup;
			children = (
				9277D384238C725200B3AECA /* GetBetter.app */,
			);
			name = Products;
			sourceTree = "<group>";
		};
		9277D386238C725200B3AECA /* Classes */ = {
			isa = PBXGroup;
			children = (
				9277D387238C725200B3AECA /* AppDelegate.swift */,
				C3E7EB7323C710BB0045B70A /* RootManager.swift */,
				C32D4CE023D0F3FC00AD9863 /* Properties.swift */,
				C390A75B24C0CF9800EAD48E /* Views */,
				C3C873CF2436032400931E9B /* Error */,
				C34B14E724475EA700B58B18 /* Helpers */,
				C3F0141723D080CE009D83AD /* Services */,
				C3724EC423AFABD000D49AD6 /* Screens */,
				C392971D247FADF2000340DC /* Mapper */,
				C3724ECC23AFAD6E00D49AD6 /* Models */,
				C306790C23AC990500B6E105 /* Extensions */,
				C3BFEBC92477F8F3000B5B41 /* Resources */,
			);
			path = Classes;
			sourceTree = "<group>";
		};
		A46B6D66EBE9CCA47B00B731 /* Frameworks */ = {
			isa = PBXGroup;
			children = (
				0C23186A6E3BCD55A9D0666A /* Pods_GetBetter.framework */,
			);
			name = Frameworks;
			sourceTree = "<group>";
		};
		A6B2429419AF3A5996472DBD /* Pods */ = {
			isa = PBXGroup;
			children = (
				9F25B847E5A22A9125AFEA88 /* Pods-GetBetter.debug.xcconfig */,
				DE8B2E85E8D419DCEDA1ACF3 /* Pods-GetBetter.release.xcconfig */,
			);
			path = Pods;
			sourceTree = "<group>";
		};
		C30350B025C53CD8003B13BD /* Cell */ = {
			isa = PBXGroup;
			children = (
				C30350B125C53CED003B13BD /* TitleSubtitleCell.swift */,
				C30350B225C53CED003B13BD /* TitleSubtitleCell.xib */,
			);
			path = Cell;
			sourceTree = "<group>";
		};
		C306790C23AC990500B6E105 /* Extensions */ = {
			isa = PBXGroup;
			children = (
				C3A1058E23AC045D008F5F9B /* Color.swift */,
				C37D0B3D23D79088005A1BCF /* Label.swift */,
				C39FD71B24499E7700F96307 /* NotificationName.swift */,
				C36F66472449BE0000293246 /* UIViewController.swift */,
				6EA85198244F7E8F00D40E14 /* Date.swift */,
				C35B38B02462E1E700E0C416 /* UIImage.swift */,
				C396E23B246AC71E00DBF0E4 /* Double.swift */,
				C33B344C247BAE74008EA2D1 /* UITextView.swift */,
				C33B3450247C111F008EA2D1 /* NSAttributedString.swift */,
				C33B3452247C137A008EA2D1 /* UIFont.swift */,
				F14950817E129DCC6D81127A /* UI+SwiftEntryKit.swift */,
				F14955E497B188FBBB345A1A /* CGRect.swift */,
				C3D4AA8F24ADC72800F1BAD8 /* UIImageView.swift */,
				C3C9DD8624B843B3003C83BD /* String.swift */,
				C3452B5624BE17BD00C973B1 /* UIButton.swift */,
				C3813FFF24D9396E00A3C6AA /* Collection+Extension.swift */,
				C33722AC254EB9BC00191785 /* VoidClosure.swift */,
				C30FEE472553045F00CC84B9 /* UIView+Screenshot.swift */,
			);
			path = Extensions;
			sourceTree = "<group>";
		};
		C317E56E247D6531001521FE /* NoInternet */ = {
			isa = PBXGroup;
			children = (
				C317E56F247D6559001521FE /* NoInternetViewController.swift */,
				C317E570247D6559001521FE /* NoInternetViewController.xib */,
			);
			path = NoInternet;
			sourceTree = "<group>";
		};
		C328EE022447291200445704 /* Register */ = {
			isa = PBXGroup;
			children = (
				C328EE032447294100445704 /* RegisterViewController.swift */,
				C328EE042447294100445704 /* RegisterViewController.xib */,
			);
			path = Register;
			sourceTree = "<group>";
		};
		C32EA81925042FBD009F6D52 /* CommonMetrics */ = {
			isa = PBXGroup;
			children = (
				C32EA81A25043006009F6D52 /* CommonMetricsTableViewCell.swift */,
				C32EA81B25043006009F6D52 /* CommonMetricsTableViewCell.xib */,
			);
			path = CommonMetrics;
			sourceTree = "<group>";
		};
		C33AD1D9245191A500A08006 /* Onboarding */ = {
			isa = PBXGroup;
			children = (
				F1495574141FCB00FC9C93CE /* PageView */,
				F14950B8C098B16B75DEA480 /* SetupSphere */,
				F14950043544FA4BEAF5A251 /* WelcomePage */,
			);
			path = Onboarding;
			sourceTree = "<group>";
		};
		C34434F624CEBC080045F1BD /* CancelButton */ = {
			isa = PBXGroup;
			children = (
				C34434F724CEBD880045F1BD /* CancelButton.swift */,
			);
			path = CancelButton;
			sourceTree = "<group>";
		};
		C34B14E724475EA700B58B18 /* Helpers */ = {
			isa = PBXGroup;
			children = (
				C34B14E824475ED000B58B18 /* FormValidator.swift */,
				C36F66452449AC3C00293246 /* KeychainHelper.swift */,
				C30C7A0E247E8DC400FD830F /* ConnectionHelper.swift */,
			);
			path = Helpers;
			sourceTree = "<group>";
		};
		C35750D12450256700BA7006 /* Cell */ = {
			isa = PBXGroup;
			children = (
				6EA8519C244F86FA00D40E14 /* JournalTableViewCell.swift */,
				6EA8519D244F86FA00D40E14 /* JournalTableViewCell.xib */,
			);
			path = Cell;
			sourceTree = "<group>";
		};
		C35CC98A25A9BBC800A9AA59 /* Cell */ = {
			isa = PBXGroup;
			children = (
				C35CC98C25A9BBE100A9AA59 /* PushNotificationCell.swift */,
				C35CC98D25A9BBE100A9AA59 /* PushNotificationCell.xib */,
			);
			path = Cell;
			sourceTree = "<group>";
		};
		C35D835E250D40C3000C565E /* Tip */ = {
			isa = PBXGroup;
			children = (
				C35D835F250D40E5000C565E /* TipViewController.swift */,
				C35D8360250D40E5000C565E /* TipViewController.xib */,
				C33722B3254EEA2800191785 /* TipStorage.swift */,
				C30FEE4C2553C6AA00CC84B9 /* TipsTableViewController.swift */,
			);
			path = Tip;
			sourceTree = "<group>";
		};
		C36351CB257D332900DA6713 /* Notification */ = {
			isa = PBXGroup;
			children = (
				C36351CC257D336300DA6713 /* NotificationCell.swift */,
				C36351CD257D336300DA6713 /* NotificationCell.xib */,
			);
			path = Notification;
			sourceTree = "<group>";
		};
		C3724EC423AFABD000D49AD6 /* Screens */ = {
			isa = PBXGroup;
			children = (
				C389466525A84B8B00FEF40C /* PushNotifications */,
				C35D835E250D40C3000C565E /* Tip */,
				C317E56E247D6531001521FE /* NoInternet */,
				C3BFEBC12477A291000B5B41 /* TabBar */,
				C39A321C2457109A005D2EDF /* Settings */,
				C33AD1D9245191A500A08006 /* Onboarding */,
				C39423D524404E6F0060CF50 /* Auth */,
				6E5AE648246028E100418B23 /* ResetPassword */,
				C328EE022447291200445704 /* Register */,
				C3724EC923AFAC5800D49AD6 /* LifeCircle */,
				C3724ECA23AFAC5D00D49AD6 /* Journal */,
				6E5AFCD32450C06800F283C4 /* AddPost */,
				C3B5CC8A2544322400E55B82 /* Achievements */,
				C38689E92520FE6000BE9851 /* EditPost */,
				C3724EC723AFAC2400D49AD6 /* PostDetail */,
				F1495F8E7917FD2E6FE4B9A6 /* SphereDetail */,
				F149585DB5CA445CF9852B67 /* Article */,
				F149562A77B35D438E7C0B1F /* EditProfile */,
			);
			path = Screens;
			sourceTree = "<group>";
		};
		C3724EC723AFAC2400D49AD6 /* PostDetail */ = {
			isa = PBXGroup;
			children = (
				C35750D224507E7B00BA7006 /* PostDetailViewController.swift */,
				C35750D324507E7B00BA7006 /* PostDetailViewController.xib */,
			);
			path = PostDetail;
			sourceTree = "<group>";
		};
		C3724EC923AFAC5800D49AD6 /* LifeCircle */ = {
			isa = PBXGroup;
			children = (
				C3ED5A2823AFBF1300C7A492 /* LifeCircleViewController.swift */,
				C3ED5A2923AFBF1300C7A492 /* LifeCircleViewController.xib */,
				F149521D579776BEE4DF3881 /* Cell */,
			);
			path = LifeCircle;
			sourceTree = "<group>";
		};
		C3724ECA23AFAC5D00D49AD6 /* Journal */ = {
			isa = PBXGroup;
			children = (
				C3ED5A2423AFBECF00C7A492 /* JournalViewController.swift */,
				C3ED5A2523AFBECF00C7A492 /* JournalViewController.xib */,
				C35750D12450256700BA7006 /* Cell */,
			);
			path = Journal;
			sourceTree = "<group>";
		};
		C3724ECC23AFAD6E00D49AD6 /* Models */ = {
			isa = PBXGroup;
			children = (
				6EA85196244F691700D40E14 /* Sphere.swift */,
				6EA8519A244F827A00D40E14 /* Post.swift */,
				6E9E01BC245464360083499E /* SphereMetrics.swift */,
				C3B4760224596BAD0067A3C0 /* SettingsCellViewModel.swift */,
				C3B4760424596BCB0067A3C0 /* Profile.swift */,
				6E7071F2245C474D00ED7D08 /* SphereValue.swift */,
				C35B38AE2462D57500E0C416 /* Photo.swift */,
				6E045E9A24640A6A0001E378 /* Achievement.swift */,
				6E6A21792466C6FB00D8AC68 /* Article.swift */,
				C33722A9254EB5C200191785 /* JournalSection.swift */,
				C38158302556C28E0005C16E /* AnimationName.swift */,
				C3635187257CD7B700DA6713 /* NotificationSettings.swift */,
				C36351D2257D353600DA6713 /* NotificationCellViewModel.swift */,
				C35CC99125A9BDF900A9AA59 /* PushNotificationModel.swift */,
				C30350AB25C53B4D003B13BD /* DifficultyLevel.swift */,
				C30350B925C53E32003B13BD /* TitleSubtitleCellViewModel.swift */,
			);
			path = Models;
			sourceTree = "<group>";
		};
		C38157AA2556B2AB0005C16E /* Animations */ = {
			isa = PBXGroup;
			children = (
				C39EF079258738010090BC35 /* 24118-japan-flow.json */,
				C3D69D7725850E9900BC64C9 /* 19904-ski-touring-backcountry-skiing.json */,
				C38158282556BEBD0005C16E /* 15046-spark-animation.json */,
				C38158292556BEBD0005C16E /* 28592-yoga-nature.json */,
				C38158272556BEBD0005C16E /* 35255-from-loading-to-success.json */,
				C381582A2556BEBD0005C16E /* 35256-from-loading-to-error.json */,
				C38157AB2556B2BD0005C16E /* 37723-confetti-partyyy.json */,
			);
			path = Animations;
			sourceTree = "<group>";
		};
		C38689E92520FE6000BE9851 /* EditPost */ = {
			isa = PBXGroup;
			children = (
				C38689EA2520FE9500BE9851 /* EditPostViewController.swift */,
				C38689EC2521054300BE9851 /* EditPostViewController.xib */,
			);
			path = EditPost;
			sourceTree = "<group>";
		};
		C389466525A84B8B00FEF40C /* PushNotifications */ = {
			isa = PBXGroup;
			children = (
				C389466625A84BAF00FEF40C /* PushNotificationsViewController.swift */,
				C35CC98A25A9BBC800A9AA59 /* Cell */,
			);
			path = PushNotifications;
			sourceTree = "<group>";
		};
		C390A75B24C0CF9800EAD48E /* Views */ = {
			isa = PBXGroup;
			children = (
				F14958BBA9EAFEFC321B36E3 /* PopUpView */,
				C34434F624CEBC080045F1BD /* CancelButton */,
				C3F98133253B296D0002CD13 /* ScrollViewController */,
				C390A75C24C0CFA000EAD48E /* TextView */,
				C30350B025C53CD8003B13BD /* Cell */,
			);
			path = Views;
			sourceTree = "<group>";
		};
		C390A75C24C0CFA000EAD48E /* TextView */ = {
			isa = PBXGroup;
			children = (
				C390A75D24C0CFC900EAD48E /* TextViewViewController.swift */,
				C390A75E24C0CFC900EAD48E /* TextViewViewController.xib */,
			);
			path = TextView;
			sourceTree = "<group>";
		};
		C392971D247FADF2000340DC /* Mapper */ = {
			isa = PBXGroup;
			children = (
				C392971E247FAE04000340DC /* PostMapper.swift */,
			);
			path = Mapper;
			sourceTree = "<group>";
		};
		C39423D524404E6F0060CF50 /* Auth */ = {
			isa = PBXGroup;
			children = (
				C39423D624404E8E0060CF50 /* AuthViewController.swift */,
				C39423D724404E8E0060CF50 /* AuthViewController.xib */,
			);
			path = Auth;
			sourceTree = "<group>";
		};
		C39A321C2457109A005D2EDF /* Settings */ = {
			isa = PBXGroup;
			children = (
				C39A321D245710BC005D2EDF /* SettingsViewController.swift */,
				C39A321E245710BC005D2EDF /* SettingsViewController.xib */,
				F14956856967235ACDF036FC /* Cell */,
			);
			path = Settings;
			sourceTree = "<group>";
		};
		C3B5CC8A2544322400E55B82 /* Achievements */ = {
			isa = PBXGroup;
			children = (
				C3B5CC8B2544325B00E55B82 /* AchievementsViewController.swift */,
				C396E23D246AC8E200DBF0E4 /* AchievementService.swift */,
				F149540FB0998047F5E95EB4 /* Cell */,
			);
			path = Achievements;
			sourceTree = "<group>";
		};
		C3BFEBC12477A291000B5B41 /* TabBar */ = {
			isa = PBXGroup;
			children = (
				C36D8453239BF322004FEFD5 /* TabBarController.swift */,
			);
			path = TabBar;
			sourceTree = "<group>";
		};
		C3BFEBC92477F8F3000B5B41 /* Resources */ = {
			isa = PBXGroup;
			children = (
				C38157AA2556B2AB0005C16E /* Animations */,
				9277D38E238C725300B3AECA /* Assets.xcassets */,
				9277D390238C725300B3AECA /* LaunchScreen.storyboard */,
				C35EBD92244DE870004593CC /* GoogleService-Info.plist */,
				9277D393238C725300B3AECA /* Info.plist */,
				C3BFEBCB2477F93E000B5B41 /* Localizable.strings */,
			);
			path = Resources;
			sourceTree = "<group>";
		};
		C3C873CF2436032400931E9B /* Error */ = {
			isa = PBXGroup;
			children = (
				C3C873D02436033400931E9B /* AppError.swift */,
			);
			path = Error;
			sourceTree = "<group>";
		};
		C3F0141723D080CE009D83AD /* Services */ = {
			isa = PBXGroup;
			children = (
				F1495A01F520BE9160623AFA /* AlertServiceDefault.swift */,
				F14959BA831454BA379465FF /* FirebaseStorage.swift */,
				F1495297F7AD9CAF4E9198A5 /* FirebaseDatabase.swift */,
				C35D83722511D88B000C565E /* UserSettingsService.swift */,
				C3813FFD24D92F7000A3C6AA /* LifeCircleService.swift */,
				C3635182257B809900DA6713 /* SphereMetricsService.swift */,
				C3BFEBC42477E85F000B5B41 /* NotificationService.swift */,
			);
			path = Services;
			sourceTree = "<group>";
		};
		C3F98133253B296D0002CD13 /* ScrollViewController */ = {
			isa = PBXGroup;
			children = (
				C3F98134253B29850002CD13 /* ScrollViewController.swift */,
			);
			path = ScrollViewController;
			sourceTree = "<group>";
		};
		F14950043544FA4BEAF5A251 /* WelcomePage */ = {
			isa = PBXGroup;
			children = (
				F14950C09BAEFB80A32F8E4F /* WelcomeViewController.swift */,
				F14950B134A6B877EF737842 /* WelcomeViewController.xib */,
			);
			path = WelcomePage;
			sourceTree = "<group>";
		};
		F14950B8C098B16B75DEA480 /* SetupSphere */ = {
			isa = PBXGroup;
			children = (
				F14953FDFB01D1F08106D959 /* SetupSphereValueViewController.swift */,
				F149534A1EC55C2C73098FDB /* SetupSphereValueViewController.xib */,
			);
			path = SetupSphere;
			sourceTree = "<group>";
		};
		F149521D579776BEE4DF3881 /* Cell */ = {
			isa = PBXGroup;
			children = (
				C32EA81925042FBD009F6D52 /* CommonMetrics */,
				F1495F97424957C89D347FB6 /* SphereMetrics */,
			);
			path = Cell;
			sourceTree = "<group>";
		};
		F149540FB0998047F5E95EB4 /* Cell */ = {
			isa = PBXGroup;
			children = (
				F149585F902A92E27328DFAE /* AchievementsTableViewCell.swift */,
				F1495517C452EF92F48A6B72 /* AchievementsTableViewCell.xib */,
			);
			path = Cell;
			sourceTree = "<group>";
		};
		F14954B63719E06420C4F676 /* Profile */ = {
			isa = PBXGroup;
			children = (
				F1495FAAE2CE65D0105BB9B3 /* ProfileCell.swift */,
				F1495A99D279D2B2DE295323 /* ProfileCell.xib */,
			);
			path = Profile;
			sourceTree = "<group>";
		};
		F1495574141FCB00FC9C93CE /* PageView */ = {
			isa = PBXGroup;
			children = (
				F149566B1400A8755E893491 /* OnboardingPageViewController.swift */,
			);
			path = PageView;
			sourceTree = "<group>";
		};
		F149562A77B35D438E7C0B1F /* EditProfile */ = {
			isa = PBXGroup;
			children = (
				F14953380D25A47E53AF9652 /* EditProfileViewController.swift */,
				F1495ED73EC740C15F91A8CF /* EditProfileViewController.xib */,
			);
			path = EditProfile;
			sourceTree = "<group>";
		};
		F14956856967235ACDF036FC /* Cell */ = {
			isa = PBXGroup;
			children = (
				C36351CB257D332900DA6713 /* Notification */,
				F14954B63719E06420C4F676 /* Profile */,
			);
			path = Cell;
			sourceTree = "<group>";
		};
		F149585DB5CA445CF9852B67 /* Article */ = {
			isa = PBXGroup;
			children = (
				F14951ABC1D994236623358B /* ArticleViewController.swift */,
				F14955127BD3A7CAEE9EC9E4 /* ArticleViewController.xib */,
			);
			path = Article;
			sourceTree = "<group>";
		};
		F14958BBA9EAFEFC321B36E3 /* PopUpView */ = {
			isa = PBXGroup;
			children = (
				F1495953C52FB85F7DABA142 /* CustomPopUpView.swift */,
			);
			path = PopUpView;
			sourceTree = "<group>";
		};
		F1495E7A4CBA011782A12B40 /* Pics */ = {
			isa = PBXGroup;
			children = (
				F1495B637B114DD9251810C1 /* get-better-readme.jpg */,
				F14958C6AC488E270BB36001 /* 3.png */,
				F1495722D8909D273691A8A4 /* 6.png */,
				F1495A3A1A8ED9AC4276F75C /* 7.png */,
				F14953E2C36B7AC09151054D /* 8.png */,
				F149537E71EDAF6963040654 /* 2.png */,
				F1495DC187F39C709B8B85F8 /* 5.png */,
				F14958BF1B820ACB6FC09854 /* 1.png */,
				F1495D61E9E5A5FE7FF55202 /* 4.png */,
				F149568D8593B53F43E6DF5E /* 9.png */,
			);
			path = Pics;
			sourceTree = "<group>";
		};
		F1495F8E7917FD2E6FE4B9A6 /* SphereDetail */ = {
			isa = PBXGroup;
			children = (
				F1495E175756D8C81C491673 /* SphereDetailViewController.swift */,
				F149585E02FD93E6AE2E43E1 /* SphereDetailViewController.xib */,
			);
			path = SphereDetail;
			sourceTree = "<group>";
		};
		F1495F97424957C89D347FB6 /* SphereMetrics */ = {
			isa = PBXGroup;
			children = (
				F1495C2FA436CF4A36B7F05F /* SphereMetricsTableViewCell.swift */,
				F1495140518C692011416A1A /* SphereMetricsTableViewCell.xib */,
			);
			path = SphereMetrics;
			sourceTree = "<group>";
		};
/* End PBXGroup section */

/* Begin PBXNativeTarget section */
		9277D383238C725200B3AECA /* GetBetter */ = {
			isa = PBXNativeTarget;
			buildConfigurationList = 9277D396238C725300B3AECA /* Build configuration list for PBXNativeTarget "GetBetter" */;
			buildPhases = (
				C530F66911E4E4B8285F6201 /* [CP] Check Pods Manifest.lock */,
				C3BFEBC62477F3B4000B5B41 /* ShellScript */,
				9277D380238C725200B3AECA /* Sources */,
				9277D381238C725200B3AECA /* Frameworks */,
				9277D382238C725200B3AECA /* Resources */,
				0577015E60B46BE3237AD4AA /* [CP] Embed Pods Frameworks */,
			);
			buildRules = (
			);
			dependencies = (
			);
			name = GetBetter;
			productName = "My iOS education";
			productReference = 9277D384238C725200B3AECA /* GetBetter.app */;
			productType = "com.apple.product-type.application";
		};
/* End PBXNativeTarget section */

/* Begin PBXProject section */
		9277D37C238C725200B3AECA /* Project object */ = {
			isa = PBXProject;
			attributes = {
				LastSwiftUpdateCheck = 1030;
				LastUpgradeCheck = 1030;
				ORGANIZATIONNAME = "Artur Islamgulov";
				TargetAttributes = {
					9277D383238C725200B3AECA = {
						CreatedOnToolsVersion = 10.3;
					};
				};
			};
			buildConfigurationList = 9277D37F238C725200B3AECA /* Build configuration list for PBXProject "GetBetter" */;
			compatibilityVersion = "Xcode 10.0";
			developmentRegion = en;
			hasScannedForEncodings = 0;
			knownRegions = (
				en,
				ru,
			);
			mainGroup = 9277D37B238C725200B3AECA;
			productRefGroup = 9277D385238C725200B3AECA /* Products */;
			projectDirPath = "";
			projectRoot = "";
			targets = (
				9277D383238C725200B3AECA /* GetBetter */,
			);
		};
/* End PBXProject section */

/* Begin PBXResourcesBuildPhase section */
		9277D382238C725200B3AECA /* Resources */ = {
			isa = PBXResourcesBuildPhase;
			buildActionMask = 2147483647;
			files = (
				6E5AE64424601DBC00418B23 /* ResetPasswordViewController.xib in Resources */,
				C381582D2556BEBD0005C16E /* 28592-yoga-nature.json in Resources */,
				9277D392238C725300B3AECA /* LaunchScreen.storyboard in Resources */,
				C38689ED2521054300BE9851 /* EditPostViewController.xib in Resources */,
				C328EE062447294100445704 /* RegisterViewController.xib in Resources */,
				9277D38F238C725300B3AECA /* Assets.xcassets in Resources */,
				C3ED5A2723AFBECF00C7A492 /* JournalViewController.xib in Resources */,
				C3ED5A2B23AFBF1300C7A492 /* LifeCircleViewController.xib in Resources */,
				C3BFEBCC2477F93E000B5B41 /* Localizable.strings in Resources */,
				C35750D524507E7B00BA7006 /* PostDetailViewController.xib in Resources */,
				C39A3220245710BC005D2EDF /* SettingsViewController.xib in Resources */,
				C381582B2556BEBD0005C16E /* 35255-from-loading-to-success.json in Resources */,
				C39423D924404E8E0060CF50 /* AuthViewController.xib in Resources */,
				C390A76024C0CFC900EAD48E /* TextViewViewController.xib in Resources */,
				6EA8519F244F86FA00D40E14 /* JournalTableViewCell.xib in Resources */,
				C35D8362250D40E5000C565E /* TipViewController.xib in Resources */,
				C35EBD93244DE870004593CC /* GoogleService-Info.plist in Resources */,
				C30350B425C53CED003B13BD /* TitleSubtitleCell.xib in Resources */,
				C381582E2556BEBD0005C16E /* 35256-from-loading-to-error.json in Resources */,
				C317E572247D6559001521FE /* NoInternetViewController.xib in Resources */,
				C3ED5A3323AFBF6600C7A492 /* AddPostViewController.xib in Resources */,
				F1495E1F759594DE3F707CCF /* get-better-readme.jpg in Resources */,
				F149566708A477FB446667C9 /* 3.png in Resources */,
				F14951ADCAB034E8DF436B5D /* 6.png in Resources */,
				F14950603E4BBFAB23440180 /* 7.png in Resources */,
				C381582C2556BEBD0005C16E /* 15046-spark-animation.json in Resources */,
				C39EF07A258738010090BC35 /* 24118-japan-flow.json in Resources */,
				F14954FEAEF05672B805215A /* 8.png in Resources */,
				C36351CF257D336300DA6713 /* NotificationCell.xib in Resources */,
				F14955EA34AE8AA776A7C8ED /* 2.png in Resources */,
				F1495D5ECDF0B97F424E8224 /* 5.png in Resources */,
				F1495CCF35CE078ED01A9258 /* 1.png in Resources */,
				C35CC98F25A9BBE100A9AA59 /* PushNotificationCell.xib in Resources */,
				F1495CE9448BA43B6273D3AB /* 4.png in Resources */,
				F149568306069F87D911B76D /* 9.png in Resources */,
				F14959E6D1E7A2AB6E42BF31 /* SphereDetailViewController.xib in Resources */,
				F1495267BF7181FA76BBDF88 /* AchievementsTableViewCell.xib in Resources */,
				F1495DEDB16766BBCE6BE394 /* SphereMetricsTableViewCell.xib in Resources */,
				C32EA81D25043007009F6D52 /* CommonMetricsTableViewCell.xib in Resources */,
				F14951CA8AC3C5CA80AB7DCC /* SetupSphereValueViewController.xib in Resources */,
				C38157AC2556B2BD0005C16E /* 37723-confetti-partyyy.json in Resources */,
				F149557C8041D5BB75C0CA34 /* WelcomeViewController.xib in Resources */,
				C3D69D7825850E9900BC64C9 /* 19904-ski-touring-backcountry-skiing.json in Resources */,
				F14959446FAB1AE8F8479875 /* ArticleViewController.xib in Resources */,
				F149536F904F19914B26C190 /* EditProfileViewController.xib in Resources */,
				F14951DADFEBD16EA7AA4EEE /* ProfileCell.xib in Resources */,
			);
			runOnlyForDeploymentPostprocessing = 0;
		};
/* End PBXResourcesBuildPhase section */

/* Begin PBXShellScriptBuildPhase section */
		0577015E60B46BE3237AD4AA /* [CP] Embed Pods Frameworks */ = {
			isa = PBXShellScriptBuildPhase;
			buildActionMask = 2147483647;
			files = (
			);
			inputFileListPaths = (
				"${PODS_ROOT}/Target Support Files/Pods-GetBetter/Pods-GetBetter-frameworks-${CONFIGURATION}-input-files.xcfilelist",
			);
			name = "[CP] Embed Pods Frameworks";
			outputFileListPaths = (
				"${PODS_ROOT}/Target Support Files/Pods-GetBetter/Pods-GetBetter-frameworks-${CONFIGURATION}-output-files.xcfilelist",
			);
			runOnlyForDeploymentPostprocessing = 0;
			shellPath = /bin/sh;
			shellScript = "\"${PODS_ROOT}/Target Support Files/Pods-GetBetter/Pods-GetBetter-frameworks.sh\"\n";
			showEnvVarsInLog = 0;
		};
		C3BFEBC62477F3B4000B5B41 /* ShellScript */ = {
			isa = PBXShellScriptBuildPhase;
			buildActionMask = 2147483647;
			files = (
			);
			inputFileListPaths = (
			);
			inputPaths = (
				"$TEMP_DIR/rswift-lastrun",
			);
			outputFileListPaths = (
			);
			outputPaths = (
				"$SRCROOT/R.generated.swift",
			);
			runOnlyForDeploymentPostprocessing = 0;
			shellPath = /bin/sh;
			shellScript = "\"$PODS_ROOT/R.swift/rswift\" generate \"$SRCROOT/R.generated.swift\"\n";
		};
		C530F66911E4E4B8285F6201 /* [CP] Check Pods Manifest.lock */ = {
			isa = PBXShellScriptBuildPhase;
			buildActionMask = 2147483647;
			files = (
			);
			inputFileListPaths = (
			);
			inputPaths = (
				"${PODS_PODFILE_DIR_PATH}/Podfile.lock",
				"${PODS_ROOT}/Manifest.lock",
			);
			name = "[CP] Check Pods Manifest.lock";
			outputFileListPaths = (
			);
			outputPaths = (
				"$(DERIVED_FILE_DIR)/Pods-GetBetter-checkManifestLockResult.txt",
			);
			runOnlyForDeploymentPostprocessing = 0;
			shellPath = /bin/sh;
			shellScript = "diff \"${PODS_PODFILE_DIR_PATH}/Podfile.lock\" \"${PODS_ROOT}/Manifest.lock\" > /dev/null\nif [ $? != 0 ] ; then\n    # print error to STDERR\n    echo \"error: The sandbox is not in sync with the Podfile.lock. Run 'pod install' or update your CocoaPods installation.\" >&2\n    exit 1\nfi\n# This output is used by Xcode 'outputs' to avoid re-running this script phase.\necho \"SUCCESS\" > \"${SCRIPT_OUTPUT_FILE_0}\"\n";
			showEnvVarsInLog = 0;
		};
/* End PBXShellScriptBuildPhase section */

/* Begin PBXSourcesBuildPhase section */
		9277D380238C725200B3AECA /* Sources */ = {
			isa = PBXSourcesBuildPhase;
			buildActionMask = 2147483647;
			files = (
				C3F98135253B29850002CD13 /* ScrollViewController.swift in Sources */,
				C32D4CE123D0F3FC00AD9863 /* Properties.swift in Sources */,
				6E7071F3245C474D00ED7D08 /* SphereValue.swift in Sources */,
				C33B344D247BAE74008EA2D1 /* UITextView.swift in Sources */,
				C3C9DD8724B843B3003C83BD /* String.swift in Sources */,
				C34B14E924475ED000B58B18 /* FormValidator.swift in Sources */,
				C38158312556C28E0005C16E /* AnimationName.swift in Sources */,
				C389466725A84BAF00FEF40C /* PushNotificationsViewController.swift in Sources */,
				C34434F824CEBD880045F1BD /* CancelButton.swift in Sources */,
				C35D8361250D40E5000C565E /* TipViewController.swift in Sources */,
				C3635188257CD7B700DA6713 /* NotificationSettings.swift in Sources */,
				C392971F247FAE04000340DC /* PostMapper.swift in Sources */,
				C38689EB2520FE9500BE9851 /* EditPostViewController.swift in Sources */,
				C39FD71C24499E7700F96307 /* NotificationName.swift in Sources */,
				C36351CE257D336300DA6713 /* NotificationCell.swift in Sources */,
				C3ED5A2623AFBECF00C7A492 /* JournalViewController.swift in Sources */,
				C39A321F245710BC005D2EDF /* SettingsViewController.swift in Sources */,
				C35B38B12462E1E700E0C416 /* UIImage.swift in Sources */,
				C3D4AA9024ADC72800F1BAD8 /* UIImageView.swift in Sources */,
				C3B4760524596BCB0067A3C0 /* Profile.swift in Sources */,
				C396E23E246AC8E200DBF0E4 /* AchievementService.swift in Sources */,
				C3813FFE24D92F7000A3C6AA /* LifeCircleService.swift in Sources */,
				6E9E01BD245464360083499E /* SphereMetrics.swift in Sources */,
				C3A1058F23AC045D008F5F9B /* Color.swift in Sources */,
				C35750D424507E7B00BA7006 /* PostDetailViewController.swift in Sources */,
				C3B4760324596BAD0067A3C0 /* SettingsCellViewModel.swift in Sources */,
				6EA85197244F691700D40E14 /* Sphere.swift in Sources */,
				C3635183257B809900DA6713 /* SphereMetricsService.swift in Sources */,
				C36F66482449BE0000293246 /* UIViewController.swift in Sources */,
				C33B3451247C111F008EA2D1 /* NSAttributedString.swift in Sources */,
				C328EE052447294100445704 /* RegisterViewController.swift in Sources */,
				6E5AE64624601DD200418B23 /* ResetPasswordViewController.swift in Sources */,
				C33B3453247C137A008EA2D1 /* UIFont.swift in Sources */,
				C35CC98E25A9BBE100A9AA59 /* PushNotificationCell.swift in Sources */,
				6E045E9B24640A6B0001E378 /* Achievement.swift in Sources */,
				C33722B4254EEA2800191785 /* TipStorage.swift in Sources */,
				C30350AC25C53B4D003B13BD /* DifficultyLevel.swift in Sources */,
				C35D83732511D88B000C565E /* UserSettingsService.swift in Sources */,
				C30C7A0F247E8DC400FD830F /* ConnectionHelper.swift in Sources */,
				C35CC99225A9BDF900A9AA59 /* PushNotificationModel.swift in Sources */,
				9277D388238C725200B3AECA /* AppDelegate.swift in Sources */,
				C317E571247D6559001521FE /* NoInternetViewController.swift in Sources */,
				C3BFEBC82477F5A4000B5B41 /* R.generated.swift in Sources */,
				C3BFEBC52477E85F000B5B41 /* NotificationService.swift in Sources */,
				C30FEE482553045F00CC84B9 /* UIView+Screenshot.swift in Sources */,
				C32EA81C25043007009F6D52 /* CommonMetricsTableViewCell.swift in Sources */,
				C3B5CC8C2544325B00E55B82 /* AchievementsViewController.swift in Sources */,
				C35B38AF2462D57500E0C416 /* Photo.swift in Sources */,
				6E6A217A2466C6FB00D8AC68 /* Article.swift in Sources */,
				C36D8454239BF322004FEFD5 /* TabBarController.swift in Sources */,
				6EA8519B244F827A00D40E14 /* Post.swift in Sources */,
				C3ED5A3223AFBF6600C7A492 /* AddPostViewController.swift in Sources */,
				C39423D824404E8E0060CF50 /* AuthViewController.swift in Sources */,
				C3452B5724BE17BD00C973B1 /* UIButton.swift in Sources */,
				C396E23C246AC71E00DBF0E4 /* Double.swift in Sources */,
				6EA8519E244F86FA00D40E14 /* JournalTableViewCell.swift in Sources */,
				C3E7EB7423C710BB0045B70A /* RootManager.swift in Sources */,
				C381400024D9396E00A3C6AA /* Collection+Extension.swift in Sources */,
				C36F66462449AC3C00293246 /* KeychainHelper.swift in Sources */,
				C33722AA254EB5C200191785 /* JournalSection.swift in Sources */,
				C3C873D12436033400931E9B /* AppError.swift in Sources */,
				C390A75F24C0CFC900EAD48E /* TextViewViewController.swift in Sources */,
				C37D0B3E23D79088005A1BCF /* Label.swift in Sources */,
				C30350B325C53CED003B13BD /* TitleSubtitleCell.swift in Sources */,
				C30FEE4D2553C6AA00CC84B9 /* TipsTableViewController.swift in Sources */,
				C36351D3257D353600DA6713 /* NotificationCellViewModel.swift in Sources */,
				6EA85199244F7E8F00D40E14 /* Date.swift in Sources */,
				C3ED5A2A23AFBF1300C7A492 /* LifeCircleViewController.swift in Sources */,
				F1495A2BAA0794DBE208648C /* UI+SwiftEntryKit.swift in Sources */,
				C30350BA25C53E32003B13BD /* TitleSubtitleCellViewModel.swift in Sources */,
				F149571D8D5ACCC62F0EB363 /* CGRect.swift in Sources */,
				F1495EC47C86B62C320FC93A /* CustomPopUpView.swift in Sources */,
				C33722AD254EB9BC00191785 /* VoidClosure.swift in Sources */,
				F1495CF0A1F9133C1BA23F4D /* SphereDetailViewController.swift in Sources */,
				F1495D5C47D69919FE8AA4BF /* AchievementsTableViewCell.swift in Sources */,
				F1495273E66F5AD91A5F822E /* SphereMetricsTableViewCell.swift in Sources */,
				F1495BDA4B981DA49805610D /* OnboardingPageViewController.swift in Sources */,
				F1495ADA5587A84C0A572A15 /* SetupSphereValueViewController.swift in Sources */,
				F1495F5D467AC16BA57CE2BF /* WelcomeViewController.swift in Sources */,
				F14957534493CFF9CA95F186 /* ArticleViewController.swift in Sources */,
				F14952606F9F2D69620BA836 /* AlertServiceDefault.swift in Sources */,
				F14953B62F438A822C859E2D /* FirebaseStorage.swift in Sources */,
				F1495758B8B86F71B37096B8 /* FirebaseDatabase.swift in Sources */,
				F1495D08557F105CA2F17BBD /* EditProfileViewController.swift in Sources */,
				F14951C7F023A062FD05EEEE /* ProfileCell.swift in Sources */,
			);
			runOnlyForDeploymentPostprocessing = 0;
		};
/* End PBXSourcesBuildPhase section */

/* Begin PBXVariantGroup section */
		9277D390238C725300B3AECA /* LaunchScreen.storyboard */ = {
			isa = PBXVariantGroup;
			children = (
				C3BC51282573CFEC002E1772 /* ru */,
			);
			name = LaunchScreen.storyboard;
			sourceTree = "<group>";
		};
/* End PBXVariantGroup section */

/* Begin XCBuildConfiguration section */
		9277D394238C725300B3AECA /* Debug */ = {
			isa = XCBuildConfiguration;
			buildSettings = {
				ALWAYS_SEARCH_USER_PATHS = NO;
				CLANG_ANALYZER_LOCALIZABILITY_NONLOCALIZED = YES;
				CLANG_ANALYZER_NONNULL = YES;
				CLANG_ANALYZER_NUMBER_OBJECT_CONVERSION = YES_AGGRESSIVE;
				CLANG_CXX_LANGUAGE_STANDARD = "gnu++14";
				CLANG_CXX_LIBRARY = "libc++";
				CLANG_ENABLE_MODULES = YES;
				CLANG_ENABLE_OBJC_ARC = YES;
				CLANG_ENABLE_OBJC_WEAK = YES;
				CLANG_WARN_BLOCK_CAPTURE_AUTORELEASING = YES;
				CLANG_WARN_BOOL_CONVERSION = YES;
				CLANG_WARN_COMMA = YES;
				CLANG_WARN_CONSTANT_CONVERSION = YES;
				CLANG_WARN_DEPRECATED_OBJC_IMPLEMENTATIONS = YES;
				CLANG_WARN_DIRECT_OBJC_ISA_USAGE = YES_ERROR;
				CLANG_WARN_DOCUMENTATION_COMMENTS = YES;
				CLANG_WARN_EMPTY_BODY = YES;
				CLANG_WARN_ENUM_CONVERSION = YES;
				CLANG_WARN_INFINITE_RECURSION = YES;
				CLANG_WARN_INT_CONVERSION = YES;
				CLANG_WARN_NON_LITERAL_NULL_CONVERSION = YES;
				CLANG_WARN_OBJC_IMPLICIT_RETAIN_SELF = YES;
				CLANG_WARN_OBJC_LITERAL_CONVERSION = YES;
				CLANG_WARN_OBJC_ROOT_CLASS = YES_ERROR;
				CLANG_WARN_RANGE_LOOP_ANALYSIS = YES;
				CLANG_WARN_STRICT_PROTOTYPES = YES;
				CLANG_WARN_SUSPICIOUS_MOVE = YES;
				CLANG_WARN_UNGUARDED_AVAILABILITY = YES_AGGRESSIVE;
				CLANG_WARN_UNREACHABLE_CODE = YES;
				CLANG_WARN__DUPLICATE_METHOD_MATCH = YES;
				CODE_SIGN_IDENTITY = "iPhone Developer";
				COPY_PHASE_STRIP = NO;
				DEBUG_INFORMATION_FORMAT = dwarf;
				ENABLE_STRICT_OBJC_MSGSEND = YES;
				ENABLE_TESTABILITY = YES;
				GCC_C_LANGUAGE_STANDARD = gnu11;
				GCC_DYNAMIC_NO_PIC = NO;
				GCC_NO_COMMON_BLOCKS = YES;
				GCC_OPTIMIZATION_LEVEL = 0;
				GCC_PREPROCESSOR_DEFINITIONS = (
					"DEBUG=1",
					"$(inherited)",
				);
				GCC_WARN_64_TO_32_BIT_CONVERSION = YES;
				GCC_WARN_ABOUT_RETURN_TYPE = YES_ERROR;
				GCC_WARN_UNDECLARED_SELECTOR = YES;
				GCC_WARN_UNINITIALIZED_AUTOS = YES_AGGRESSIVE;
				GCC_WARN_UNUSED_FUNCTION = YES;
				GCC_WARN_UNUSED_VARIABLE = YES;
				IPHONEOS_DEPLOYMENT_TARGET = 11.0;
				MTL_ENABLE_DEBUG_INFO = INCLUDE_SOURCE;
				MTL_FAST_MATH = YES;
				ONLY_ACTIVE_ARCH = YES;
				SDKROOT = iphoneos;
				SWIFT_ACTIVE_COMPILATION_CONDITIONS = DEBUG;
				SWIFT_OPTIMIZATION_LEVEL = "-Onone";
			};
			name = Debug;
		};
		9277D395238C725300B3AECA /* Release */ = {
			isa = XCBuildConfiguration;
			buildSettings = {
				ALWAYS_SEARCH_USER_PATHS = NO;
				CLANG_ANALYZER_LOCALIZABILITY_NONLOCALIZED = YES;
				CLANG_ANALYZER_NONNULL = YES;
				CLANG_ANALYZER_NUMBER_OBJECT_CONVERSION = YES_AGGRESSIVE;
				CLANG_CXX_LANGUAGE_STANDARD = "gnu++14";
				CLANG_CXX_LIBRARY = "libc++";
				CLANG_ENABLE_MODULES = YES;
				CLANG_ENABLE_OBJC_ARC = YES;
				CLANG_ENABLE_OBJC_WEAK = YES;
				CLANG_WARN_BLOCK_CAPTURE_AUTORELEASING = YES;
				CLANG_WARN_BOOL_CONVERSION = YES;
				CLANG_WARN_COMMA = YES;
				CLANG_WARN_CONSTANT_CONVERSION = YES;
				CLANG_WARN_DEPRECATED_OBJC_IMPLEMENTATIONS = YES;
				CLANG_WARN_DIRECT_OBJC_ISA_USAGE = YES_ERROR;
				CLANG_WARN_DOCUMENTATION_COMMENTS = YES;
				CLANG_WARN_EMPTY_BODY = YES;
				CLANG_WARN_ENUM_CONVERSION = YES;
				CLANG_WARN_INFINITE_RECURSION = YES;
				CLANG_WARN_INT_CONVERSION = YES;
				CLANG_WARN_NON_LITERAL_NULL_CONVERSION = YES;
				CLANG_WARN_OBJC_IMPLICIT_RETAIN_SELF = YES;
				CLANG_WARN_OBJC_LITERAL_CONVERSION = YES;
				CLANG_WARN_OBJC_ROOT_CLASS = YES_ERROR;
				CLANG_WARN_RANGE_LOOP_ANALYSIS = YES;
				CLANG_WARN_STRICT_PROTOTYPES = YES;
				CLANG_WARN_SUSPICIOUS_MOVE = YES;
				CLANG_WARN_UNGUARDED_AVAILABILITY = YES_AGGRESSIVE;
				CLANG_WARN_UNREACHABLE_CODE = YES;
				CLANG_WARN__DUPLICATE_METHOD_MATCH = YES;
				CODE_SIGN_IDENTITY = "iPhone Developer";
				COPY_PHASE_STRIP = NO;
				DEBUG_INFORMATION_FORMAT = "dwarf-with-dsym";
				ENABLE_NS_ASSERTIONS = NO;
				ENABLE_STRICT_OBJC_MSGSEND = YES;
				GCC_C_LANGUAGE_STANDARD = gnu11;
				GCC_NO_COMMON_BLOCKS = YES;
				GCC_WARN_64_TO_32_BIT_CONVERSION = YES;
				GCC_WARN_ABOUT_RETURN_TYPE = YES_ERROR;
				GCC_WARN_UNDECLARED_SELECTOR = YES;
				GCC_WARN_UNINITIALIZED_AUTOS = YES_AGGRESSIVE;
				GCC_WARN_UNUSED_FUNCTION = YES;
				GCC_WARN_UNUSED_VARIABLE = YES;
				IPHONEOS_DEPLOYMENT_TARGET = 11.0;
				MTL_ENABLE_DEBUG_INFO = NO;
				MTL_FAST_MATH = YES;
				SDKROOT = iphoneos;
				SWIFT_COMPILATION_MODE = wholemodule;
				SWIFT_OPTIMIZATION_LEVEL = "-O";
				VALIDATE_PRODUCT = YES;
			};
			name = Release;
		};
		9277D397238C725300B3AECA /* Debug */ = {
			isa = XCBuildConfiguration;
			baseConfigurationReference = 9F25B847E5A22A9125AFEA88 /* Pods-GetBetter.debug.xcconfig */;
			buildSettings = {
				ASSETCATALOG_COMPILER_APPICON_NAME = AppIcon;
				CODE_SIGN_ENTITLEMENTS = GetBetter.entitlements;
				CODE_SIGN_IDENTITY = "Apple Development";
				CODE_SIGN_STYLE = Automatic;
				CURRENT_PROJECT_VERSION = 1;
				DEVELOPMENT_TEAM = 3RF6BSH4ZX;
				INFOPLIST_FILE = "$(SRCROOT)/Classes/Resources/Info.plist";
				IPHONEOS_DEPLOYMENT_TARGET = 11.0;
				LD_RUNPATH_SEARCH_PATHS = (
					"$(inherited)",
					"@executable_path/Frameworks",
				);
				MARKETING_VERSION = 1.12;
				PRODUCT_BUNDLE_IDENTIFIER = com.stoletnaedine.GetBetter;
				PRODUCT_NAME = "$(TARGET_NAME)";
				PROVISIONING_PROFILE_SPECIFIER = "";
				SWIFT_VERSION = 5.0;
				TARGETED_DEVICE_FAMILY = 1;
			};
			name = Debug;
		};
		9277D398238C725300B3AECA /* Release */ = {
			isa = XCBuildConfiguration;
			baseConfigurationReference = DE8B2E85E8D419DCEDA1ACF3 /* Pods-GetBetter.release.xcconfig */;
			buildSettings = {
				ASSETCATALOG_COMPILER_APPICON_NAME = AppIcon;
				CODE_SIGN_ENTITLEMENTS = GetBetter.entitlements;
				CODE_SIGN_IDENTITY = "Apple Development";
				CODE_SIGN_STYLE = Automatic;
				CURRENT_PROJECT_VERSION = 1;
				DEVELOPMENT_TEAM = 3RF6BSH4ZX;
				INFOPLIST_FILE = "$(SRCROOT)/Classes/Resources/Info.plist";
				IPHONEOS_DEPLOYMENT_TARGET = 11.0;
				LD_RUNPATH_SEARCH_PATHS = (
					"$(inherited)",
					"@executable_path/Frameworks",
				);
				MARKETING_VERSION = 1.12;
				PRODUCT_BUNDLE_IDENTIFIER = com.stoletnaedine.GetBetter;
				PRODUCT_NAME = "$(TARGET_NAME)";
				PROVISIONING_PROFILE_SPECIFIER = "";
				SWIFT_VERSION = 5.0;
				TARGETED_DEVICE_FAMILY = 1;
			};
			name = Release;
		};
/* End XCBuildConfiguration section */

/* Begin XCConfigurationList section */
		9277D37F238C725200B3AECA /* Build configuration list for PBXProject "GetBetter" */ = {
			isa = XCConfigurationList;
			buildConfigurations = (
				9277D394238C725300B3AECA /* Debug */,
				9277D395238C725300B3AECA /* Release */,
			);
			defaultConfigurationIsVisible = 0;
			defaultConfigurationName = Release;
		};
		9277D396238C725300B3AECA /* Build configuration list for PBXNativeTarget "GetBetter" */ = {
			isa = XCConfigurationList;
			buildConfigurations = (
				9277D397238C725300B3AECA /* Debug */,
				9277D398238C725300B3AECA /* Release */,
			);
			defaultConfigurationIsVisible = 0;
			defaultConfigurationName = Release;
		};
/* End XCConfigurationList section */
	};
	rootObject = 9277D37C238C725200B3AECA /* Project object */;
}
